// !$*UTF8*$!
{
	archiveVersion = 1;
	classes = {
	};
	objectVersion = 38;
	objects = {
		080E96DDFE201D6D7F000001 = {
			children = (
				F5B29D6101F7391001A80164,
				F5B29D6201F7391001A80164,
				F5B29D6901F7392301A80164,
				F5B29D6A01F7392301A80164,
				F5B29D7701F7395001A80164,
				F5B29D7801F7395001A80164,
				F5B29D6001F738F601A80164,
				F521994601FA8EC401A80164,
				F521994301FA86B001A80164,
				F574E09901FD0FD701A80164,
				F574E09A01FD0FD701A80164,
				F5EF54D302022A7001A80164,
				F5EF54D202022A7001A80164,
				F5D446D00263B46801A80164,
				F5D446D10263B46801A80164,
				F5A165F7030711ED01A80164,
				F5A165F8030711ED01A80164,
			);
			isa = PBXGroup;
			name = Classes;
			refType = 4;
		};
		089C165CFE840E0CC02AAC07 = {
			children = (
				089C165DFE840E0CC02AAC07,
			);
			isa = PBXVariantGroup;
			name = InfoPlist.strings;
			refType = 4;
		};
		089C165DFE840E0CC02AAC07 = {
			fileEncoding = 10;
			isa = PBXFileReference;
			name = English;
			path = English.lproj/InfoPlist.strings;
			refType = 4;
		};
		089C165EFE840E0CC02AAC07 = {
			fileRef = 089C165CFE840E0CC02AAC07;
			isa = PBXBuildFile;
			settings = {
			};
		};
//080
//081
//082
//083
//084
//100
//101
//102
//103
//104
		1058C7A0FEA54F0111CA2CBB = {
			children = (
				1058C7A1FEA54F0111CA2CBB,
			);
			isa = PBXGroup;
			name = "Linked Frameworks";
			refType = 4;
		};
		1058C7A1FEA54F0111CA2CBB = {
			isa = PBXFrameworkReference;
			name = Cocoa.framework;
			path = /System/Library/Frameworks/Cocoa.framework;
			refType = 0;
		};
		1058C7A2FEA54F0111CA2CBB = {
			children = (
				29B97325FDCFA39411CA2CEA,
				29B97324FDCFA39411CA2CEA,
			);
			isa = PBXGroup;
			name = "Other Frameworks";
			refType = 4;
		};
		1058C7A3FEA54F0111CA2CBB = {
			fileRef = 1058C7A1FEA54F0111CA2CBB;
			isa = PBXBuildFile;
			settings = {
			};
		};
//100
//101
//102
//103
//104
//170
//171
//172
//173
//174
		17587328FF379C6511CA2CBB = {
			isa = PBXApplicationReference;
			path = Wcalc.app;
			refType = 3;
		};
//170
//171
//172
//173
//174
//190
//191
//192
//193
//194
		19C28FACFE9D520D11CA2CBB = {
			children = (
				17587328FF379C6511CA2CBB,
				F521993301F8D28701A80164,
			);
			isa = PBXGroup;
			name = Products;
			refType = 4;
		};
//190
//191
//192
//193
//194
//270
//271
//272
//273
//274
		275710BC042D0472004ACA36 = {
			fileEncoding = 4;
			isa = PBXFileReference;
			path = files.h;
			refType = 4;
		};
		275710BD042D0472004ACA36 = {
			fileEncoding = 4;
			isa = PBXFileReference;
			path = files.c;
			refType = 4;
		};
		275710BE042D0472004ACA36 = {
			fileRef = 275710BC042D0472004ACA36;
			isa = PBXBuildFile;
			settings = {
			};
		};
		275710BF042D0472004ACA36 = {
			fileRef = 275710BD042D0472004ACA36;
			isa = PBXBuildFile;
			settings = {
			};
		};
		275710C0042D0472004ACA36 = {
			fileRef = 275710BC042D0472004ACA36;
			isa = PBXBuildFile;
			settings = {
			};
		};
		275710C1042D0472004ACA36 = {
			fileRef = 275710BD042D0472004ACA36;
			isa = PBXBuildFile;
			settings = {
			};
		};
		277DB27D042F5173004ACA36 = {
			fileEncoding = 30;
			isa = PBXFileReference;
			path = COPYING;
			refType = 4;
		};
		277DB27E042F5173004ACA36 = {
			fileRef = 277DB27D042F5173004ACA36;
			isa = PBXBuildFile;
			settings = {
			};
		};
		277DB27F042F51A5004ACA36 = {
			fileEncoding = 30;
			isa = PBXFileReference;
			path = NEWS;
			refType = 4;
		};
		277DB280042F51A6004ACA36 = {
			fileRef = 277DB27F042F51A5004ACA36;
			isa = PBXBuildFile;
			settings = {
			};
		};
		2799DA4303FAD61400CA71DD = {
			fileEncoding = 4;
			isa = PBXFileReference;
			path = help.h;
			refType = 4;
		};
		2799DA4403FAD61400CA71DD = {
			fileEncoding = 4;
			isa = PBXFileReference;
			path = help.c;
			refType = 4;
		};
		2799DA4503FAD61400CA71DD = {
			fileRef = 2799DA4303FAD61400CA71DD;
			isa = PBXBuildFile;
			settings = {
			};
		};
		2799DA4603FAD61400CA71DD = {
			fileRef = 2799DA4403FAD61400CA71DD;
			isa = PBXBuildFile;
			settings = {
			};
		};
		2799DA4703FAD61400CA71DD = {
			fileRef = 2799DA4303FAD61400CA71DD;
			isa = PBXBuildFile;
			settings = {
			};
		};
		2799DA4803FAD61400CA71DD = {
			fileRef = 2799DA4403FAD61400CA71DD;
			isa = PBXBuildFile;
			settings = {
			};
		};
//270
//271
//272
//273
//274
//290
//291
//292
//293
//294
		29B97313FDCFA39411CA2CEA = {
			buildStyles = (
				4A9504CCFFE6A4B311CA0CBA,
				4A9504CDFFE6A4B311CA0CBA,
			);
			hasScannedForEncodings = 1;
			isa = PBXProject;
			mainGroup = 29B97314FDCFA39411CA2CEA;
			projectDirPath = "";
			targets = (
				29B97326FDCFA39411CA2CEA,
				F521993401F8D28701A80164,
			);
		};
		29B97314FDCFA39411CA2CEA = {
			children = (
				080E96DDFE201D6D7F000001,
				29B97315FDCFA39411CA2CEA,
				29B97317FDCFA39411CA2CEA,
				F510EE8F021717DF01A80164,
				29B97323FDCFA39411CA2CEA,
				19C28FACFE9D520D11CA2CBB,
			);
			isa = PBXGroup;
			name = Wcalc;
			path = "";
			refType = 4;
		};
		29B97315FDCFA39411CA2CEA = {
			children = (
				29B97316FDCFA39411CA2CEA,
				F521993F01F8D2B801A80164,
			);
			isa = PBXGroup;
			name = "Other Sources";
			path = "";
			refType = 4;
		};
		29B97316FDCFA39411CA2CEA = {
			fileEncoding = 30;
			isa = PBXFileReference;
			path = main.m;
			refType = 4;
		};
		29B97317FDCFA39411CA2CEA = {
			children = (
				F5B29D6F01F7393A01A80164,
				F5B29D7B01F7398A01A80164,
				089C165CFE840E0CC02AAC07,
				F5463560020065B401A80164,
				F5B29D8301F73C2701A80164,
				F521994801FA927601A80164,
				277DB27F042F51A5004ACA36,
				277DB27D042F5173004ACA36,
			);
			isa = PBXGroup;
			name = Resources;
			path = "";
			refType = 4;
		};
		29B97323FDCFA39411CA2CEA = {
			children = (
				1058C7A0FEA54F0111CA2CBB,
				1058C7A2FEA54F0111CA2CBB,
			);
			isa = PBXGroup;
			name = Frameworks;
			path = "";
			refType = 4;
		};
		29B97324FDCFA39411CA2CEA = {
			isa = PBXFrameworkReference;
			name = AppKit.framework;
			path = /System/Library/Frameworks/AppKit.framework;
			refType = 0;
		};
		29B97325FDCFA39411CA2CEA = {
			isa = PBXFrameworkReference;
			name = Foundation.framework;
			path = /System/Library/Frameworks/Foundation.framework;
			refType = 0;
		};
		29B97326FDCFA39411CA2CEA = {
			buildPhases = (
				29B97327FDCFA39411CA2CEA,
				29B97328FDCFA39411CA2CEA,
				29B9732BFDCFA39411CA2CEA,
				29B9732DFDCFA39411CA2CEA,
			);
			buildSettings = {
				DEBUGGING_SYMBOLS = NO;
				FRAMEWORK_SEARCH_PATHS = "";
				HEADER_SEARCH_PATHS = "";
				LIBRARY_SEARCH_PATHS = "";
				OPTIMIZATION_CFLAGS = "-O0";
				OTHER_CFLAGS = "-Wall -Wunused -DGUI -DSTDC_HEADERS";
				OTHER_LDFLAGS = "-ll";
				PRODUCT_NAME = Wcalc;
				PROFILING_CODE = YES;
				SECTORDER_FLAGS = "";
				WARNING_CFLAGS = "-Wmost -Wno-four-char-constants -Wno-unknown-pragmas";
				WRAPPER_EXTENSION = app;
			};
			dependencies = (
			);
			isa = PBXApplicationTarget;
			name = Wcalc;
			productName = Wcalc;
			productReference = 17587328FF379C6511CA2CBB;
			productSettingsXML = "<?xml version=\"1.0\" encoding=\"UTF-8\"?>
<!DOCTYPE plist PUBLIC \"-//Apple Computer//DTD PLIST 1.0//EN\" \"http://www.apple.com/DTDs/PropertyList-1.0.dtd\">
<plist version=\"1.0\">
<dict>
	<key>CFBundleDevelopmentRegion</key>
	<string>English</string>
	<key>CFBundleExecutable</key>
	<string>Wcalc</string>
	<key>CFBundleGetInfoString</key>
	<string>Wcalc Version 1.6.2</string>
	<key>CFBundleIconFile</key>
	<string>TheW</string>
	<key>CFBundleIdentifier</key>
	<string>Wcalc</string>
	<key>CFBundleInfoDictionaryVersion</key>
	<string>6.0</string>
	<key>CFBundleName</key>
	<string>Wcalc</string>
	<key>CFBundlePackageType</key>
	<string>APPL</string>
	<key>CFBundleShortVersionString</key>
	<string>Wcalc 1.6.2</string>
	<key>CFBundleSignature</key>
	<string>Wcal</string>
	<key>CFBundleVersion</key>
	<string>1.6.2</string>
	<key>NSMainNibFile</key>
	<string>MainMenu</string>
	<key>NSPrincipalClass</key>
	<string>NSApplication</string>
</dict>
</plist>
";
		};
		29B97327FDCFA39411CA2CEA = {
			buildActionMask = 2147483647;
			files = (
				F5B29D6301F7391001A80164,
				F5B29D6701F7391601A80164,
				F5B29D6B01F7392301A80164,
				F5B29D7501F7394501A80164,
				F5B29D7901F7395001A80164,
				F521994701FA8EC401A80164,
				F574E09B01FD0FD701A80164,
				F574E09F01FD122F01A80164,
				F5EF54D402022A7001A80164,
				F5DEAE90021254A501A80164,
				F529392A023034CB01A80164,
				F5CF4CF1026A383D01A80164,
				F5DD321902F8F43501A80164,
				F5A165F9030711ED01A80164,
				2799DA4503FAD61400CA71DD,
				275710BE042D0472004ACA36,
			);
			isa = PBXHeadersBuildPhase;
			runOnlyForDeploymentPostprocessing = 0;
		};
		29B97328FDCFA39411CA2CEA = {
			buildActionMask = 2147483647;
			files = (
				089C165EFE840E0CC02AAC07,
				F5B29D7001F7393A01A80164,
				F5B29D7D01F7398A01A80164,
				F5B29D8401F73C2701A80164,
				F586ED3901FD41B201A80164,
				F5463561020065B401A80164,
				277DB27E042F5173004ACA36,
				277DB280042F51A6004ACA36,
			);
			isa = PBXResourcesBuildPhase;
			runOnlyForDeploymentPostprocessing = 0;
		};
		29B9732BFDCFA39411CA2CEA = {
			buildActionMask = 2147483647;
			files = (
				29B9732CFDCFA39411CA2CEA,
				F5B29D6401F7391001A80164,
				F5B29D6801F7391601A80164,
				F5B29D6C01F7392301A80164,
				F5B29D7101F7393A01A80164,
				F5B29D7601F7394501A80164,
				F5B29D7A01F7395001A80164,
				F521994501FA86B001A80164,
				F574E09C01FD0FD701A80164,
				F5EF54D502022A7001A80164,
				F5DEAE8A0211DAA501A80164,
				F529392B023034CB01A80164,
				F5CF4CF2026A383D01A80164,
				F5DD31FF02F6294C01A80164,
				F5DD321802F8F43501A80164,
				F5A165FA030711ED01A80164,
				2799DA4603FAD61400CA71DD,
				275710BF042D0472004ACA36,
			);
			isa = PBXSourcesBuildPhase;
			runOnlyForDeploymentPostprocessing = 0;
		};
		29B9732CFDCFA39411CA2CEA = {
			fileRef = 29B97316FDCFA39411CA2CEA;
			isa = PBXBuildFile;
			settings = {
				ATTRIBUTES = (
				);
			};
		};
		29B9732DFDCFA39411CA2CEA = {
			buildActionMask = 2147483647;
			files = (
				1058C7A3FEA54F0111CA2CBB,
				F510EE8D021716B401A80164,
			);
			isa = PBXFrameworksBuildPhase;
			runOnlyForDeploymentPostprocessing = 0;
		};
//290
//291
//292
//293
//294
//4A0
//4A1
//4A2
//4A3
//4A4
		4A9504CCFFE6A4B311CA0CBA = {
			buildRules = (
			);
			buildSettings = {
				COPY_PHASE_STRIP = NO;
				OPTIMIZATION_CFLAGS = "-O0 -g";
			};
			isa = PBXBuildStyle;
			name = Development;
		};
		4A9504CDFFE6A4B311CA0CBA = {
			buildRules = (
			);
			buildSettings = {
				COPY_PHASE_STRIP = YES;
				OPTIMIZATION_CFLAGS = "-O2";
			};
			isa = PBXBuildStyle;
			name = Deployment;
		};
//4A0
//4A1
//4A2
//4A3
//4A4
//F50
//F51
//F52
//F53
//F54
		F510EE8A0217160601A80164 = {
			isa = PBXFileReference;
			name = libreadline.a;
			path = /sw/lib/libreadline.a;
			refType = 0;
		};
		F510EE8B0217160601A80164 = {
			fileRef = F510EE8A0217160601A80164;
			isa = PBXBuildFile;
			settings = {
			};
		};
		F510EE8C021716B401A80164 = {
			isa = PBXFileReference;
			name = libl.a;
			path = /usr/lib/libl.a;
			refType = 0;
		};
		F510EE8D021716B401A80164 = {
			fileRef = F510EE8C021716B401A80164;
			isa = PBXBuildFile;
			settings = {
			};
		};
		F510EE8F021717DF01A80164 = {
			children = (
				F510EE8A0217160601A80164,
				F510EE8C021716B401A80164,
			);
			isa = PBXGroup;
			name = Libraries;
			path = "";
			refType = 4;
		};
		F521993301F8D28701A80164 = {
			isa = PBXExecutableFileReference;
			path = wcalc;
			refType = 3;
		};
		F521993401F8D28701A80164 = {
			buildPhases = (
				F521993501F8D28801A80164,
				F521993801F8D28801A80164,
				F521993D01F8D28801A80164,
				F521993E01F8D28801A80164,
			);
			buildSettings = {
				HEADER_SEARCH_PATHS = /sw/include;
				LIBRARY_SEARCH_PATHS = /Users/kyle/Wcalc;
				OTHER_REZFLAGS = "";
				PREBINDING = NO;
				PRODUCT_NAME = wcalc;
				REZ_EXECUTABLE = YES;
				SECTORDER_FLAGS = "";
				WARNING_CFLAGS = "-Wall -Wunused -Wno-four-char-constants -Wno-unknown-pragmas";
			};
			dependencies = (
			);
			isa = PBXToolTarget;
			name = wcalc;
			productName = wcalc;
			productReference = F521993301F8D28701A80164;
		};
		F521993501F8D28801A80164 = {
			buildActionMask = 2147483647;
			files = (
				F521993601F8D28801A80164,
				F521993701F8D28801A80164,
				F5DEAE91021254A501A80164,
				F5293928023032E201A80164,
				F5DD321B02F8F43501A80164,
				2799DA4703FAD61400CA71DD,
				275710C0042D0472004ACA36,
			);
			isa = PBXHeadersBuildPhase;
			runOnlyForDeploymentPostprocessing = 0;
		};
		F521993601F8D28801A80164 = {
			fileRef = F5B29D6601F7391601A80164;
			isa = PBXBuildFile;
			settings = {
			};
		};
		F521993701F8D28801A80164 = {
			fileRef = F5B29D7401F7394501A80164;
			isa = PBXBuildFile;
			settings = {
			};
		};
		F521993801F8D28801A80164 = {
			buildActionMask = 2147483647;
			files = (
				F521993901F8D28801A80164,
				F521993A01F8D28801A80164,
				F521993B01F8D28801A80164,
				F521993C01F8D28801A80164,
				F521994001F8D2B801A80164,
				F5293929023032E201A80164,
				F5DD321A02F8F43501A80164,
				2799DA4803FAD61400CA71DD,
				275710C1042D0472004ACA36,
			);
			isa = PBXSourcesBuildPhase;
			runOnlyForDeploymentPostprocessing = 0;
		};
		F521993901F8D28801A80164 = {
			fileRef = F5B29D6501F7391601A80164;
			isa = PBXBuildFile;
			settings = {
			};
		};
		F521993A01F8D28801A80164 = {
			fileRef = F5B29D7301F7394501A80164;
			isa = PBXBuildFile;
			settings = {
			};
		};
		F521993B01F8D28801A80164 = {
			fileRef = F5B29D6D01F7393A01A80164;
			isa = PBXBuildFile;
			settings = {
			};
		};
		F521993C01F8D28801A80164 = {
			fileRef = F5B29D6E01F7393A01A80164;
			isa = PBXBuildFile;
			settings = {
			};
		};
		F521993D01F8D28801A80164 = {
			buildActionMask = 2147483647;
			files = (
				F510EE8B0217160601A80164,
				F5459F57022612F901A80164,
			);
			isa = PBXFrameworksBuildPhase;
			runOnlyForDeploymentPostprocessing = 0;
		};
		F521993E01F8D28801A80164 = {
			buildActionMask = 2147483647;
			files = (
			);
			isa = PBXRezBuildPhase;
			runOnlyForDeploymentPostprocessing = 0;
		};
		F521993F01F8D2B801A80164 = {
			fileEncoding = 30;
			isa = PBXFileReference;
			path = main.c;
			refType = 4;
		};
		F521994001F8D2B801A80164 = {
			fileRef = F521993F01F8D2B801A80164;
			isa = PBXBuildFile;
			settings = {
			};
		};
		F521994301FA86B001A80164 = {
			fileEncoding = 30;
			isa = PBXFileReference;
			path = VariableList.m;
			refType = 4;
		};
		F521994501FA86B001A80164 = {
			fileRef = F521994301FA86B001A80164;
			isa = PBXBuildFile;
			settings = {
			};
		};
		F521994601FA8EC401A80164 = {
			fileEncoding = 30;
			isa = PBXFileReference;
			path = VariableList.h;
			refType = 4;
		};
		F521994701FA8EC401A80164 = {
			fileRef = F521994601FA8EC401A80164;
			isa = PBXBuildFile;
			settings = {
			};
		};
		F521994801FA927601A80164 = {
			fileEncoding = 30;
			isa = PBXFileReference;
			path = ChangeLog;
			refType = 4;
		};
		F5293926023032E201A80164 = {
			fileEncoding = 30;
			isa = PBXFileReference;
			path = string_manip.h;
			refType = 4;
		};
		F5293927023032E201A80164 = {
			fileEncoding = 30;
			isa = PBXFileReference;
			path = string_manip.c;
			refType = 4;
		};
		F5293928023032E201A80164 = {
			fileRef = F5293926023032E201A80164;
			isa = PBXBuildFile;
			settings = {
			};
		};
		F5293929023032E201A80164 = {
			fileRef = F5293927023032E201A80164;
			isa = PBXBuildFile;
			settings = {
			};
		};
		F529392A023034CB01A80164 = {
			fileRef = F5293926023032E201A80164;
			isa = PBXBuildFile;
			settings = {
			};
		};
		F529392B023034CB01A80164 = {
			fileRef = F5293927023032E201A80164;
			isa = PBXBuildFile;
			settings = {
			};
		};
		F5459F57022612F901A80164 = {
			fileRef = F510EE8C021716B401A80164;
			isa = PBXBuildFile;
			settings = {
			};
		};
		F5463560020065B401A80164 = {
			isa = PBXFileReference;
			path = Wred.png;
			refType = 4;
		};
		F5463561020065B401A80164 = {
			fileRef = F5463560020065B401A80164;
			isa = PBXBuildFile;
			settings = {
			};
		};
		F574E09901FD0FD701A80164 = {
			fileEncoding = 30;
			isa = PBXFileReference;
			path = HistoryList.h;
			refType = 4;
		};
		F574E09A01FD0FD701A80164 = {
			fileEncoding = 30;
			isa = PBXFileReference;
			path = HistoryList.m;
			refType = 4;
		};
		F574E09B01FD0FD701A80164 = {
			fileRef = F574E09901FD0FD701A80164;
			isa = PBXBuildFile;
			settings = {
			};
		};
		F574E09C01FD0FD701A80164 = {
			fileRef = F574E09A01FD0FD701A80164;
			isa = PBXBuildFile;
			settings = {
			};
		};
		F574E09D01FD122F01A80164 = {
			fileEncoding = 30;
			isa = PBXFileReference;
			path = historyManager.h;
			refType = 4;
		};
		F574E09E01FD122F01A80164 = {
			fileEncoding = 30;
			isa = PBXFileReference;
			path = historyManager.c;
			refType = 4;
		};
		F574E09F01FD122F01A80164 = {
			fileRef = F574E09D01FD122F01A80164;
			isa = PBXBuildFile;
			settings = {
			};
		};
		F586ED3901FD41B201A80164 = {
			fileRef = F521994801FA927601A80164;
			isa = PBXBuildFile;
			settings = {
			};
		};
		F5A165F7030711ED01A80164 = {
			fileEncoding = 30;
			isa = PBXFileReference;
			path = ConversionList.h;
			refType = 4;
		};
		F5A165F8030711ED01A80164 = {
			fileEncoding = 30;
			isa = PBXFileReference;
			path = ConversionList.m;
			refType = 4;
		};
		F5A165F9030711ED01A80164 = {
			fileRef = F5A165F7030711ED01A80164;
			isa = PBXBuildFile;
			settings = {
			};
		};
		F5A165FA030711ED01A80164 = {
			fileRef = F5A165F8030711ED01A80164;
			isa = PBXBuildFile;
			settings = {
			};
		};
		F5B29D6001F738F601A80164 = {
			children = (
				F5DEAE8F021254A501A80164,
				F5B29D6601F7391601A80164,
				F5B29D6501F7391601A80164,
				2799DA4303FAD61400CA71DD,
				2799DA4403FAD61400CA71DD,
				F5B29D7401F7394501A80164,
				F5B29D7301F7394501A80164,
				F5B29D6D01F7393A01A80164,
				F5B29D6E01F7393A01A80164,
				F5293926023032E201A80164,
				F5293927023032E201A80164,
				F5DD321702F8F43501A80164,
				F5DD321602F8F43501A80164,
				275710BC042D0472004ACA36,
				275710BD042D0472004ACA36,
				F574E09D01FD122F01A80164,
				F574E09E01FD122F01A80164,
			);
			isa = PBXGroup;
			name = "Shared Code";
			refType = 4;
		};
		F5B29D6101F7391001A80164 = {
			fileEncoding = 30;
			isa = PBXFileReference;
			path = AboutBoxController.h;
			refType = 4;
		};
		F5B29D6201F7391001A80164 = {
			fileEncoding = 30;
			isa = PBXFileReference;
			path = AboutBoxController.m;
			refType = 4;
		};
		F5B29D6301F7391001A80164 = {
			fileRef = F5B29D6101F7391001A80164;
			isa = PBXBuildFile;
			settings = {
			};
		};
		F5B29D6401F7391001A80164 = {
			fileRef = F5B29D6201F7391001A80164;
			isa = PBXBuildFile;
			settings = {
			};
		};
		F5B29D6501F7391601A80164 = {
			fileEncoding = 30;
			isa = PBXFileReference;
			path = calculator.c;
			refType = 4;
		};
		F5B29D6601F7391601A80164 = {
			fileEncoding = 30;
			isa = PBXFileReference;
			path = calculator.h;
			refType = 4;
		};
		F5B29D6701F7391601A80164 = {
			fileRef = F5B29D6601F7391601A80164;
			isa = PBXBuildFile;
			settings = {
			};
		};
		F5B29D6801F7391601A80164 = {
			fileRef = F5B29D6501F7391601A80164;
			isa = PBXBuildFile;
			settings = {
			};
		};
		F5B29D6901F7392301A80164 = {
			fileEncoding = 30;
			isa = PBXFileReference;
			path = ErrorController.h;
			refType = 4;
		};
		F5B29D6A01F7392301A80164 = {
			fileEncoding = 30;
			isa = PBXFileReference;
			path = ErrorController.m;
			refType = 4;
		};
		F5B29D6B01F7392301A80164 = {
			fileRef = F5B29D6901F7392301A80164;
			isa = PBXBuildFile;
			settings = {
			};
		};
		F5B29D6C01F7392301A80164 = {
			fileRef = F5B29D6A01F7392301A80164;
			isa = PBXBuildFile;
			settings = {
			};
		};
		F5B29D6D01F7393A01A80164 = {
			fileEncoding = 30;
			isa = PBXFileReference;
			path = parser.y;
			refType = 4;
		};
		F5B29D6E01F7393A01A80164 = {
			fileEncoding = 30;
			isa = PBXFileReference;
			path = scanner.l;
			refType = 4;
		};
		F5B29D6F01F7393A01A80164 = {
			isa = PBXFileReference;
			path = TheW.icns;
			refType = 4;
		};
		F5B29D7001F7393A01A80164 = {
			fileRef = F5B29D6F01F7393A01A80164;
			isa = PBXBuildFile;
			settings = {
			};
		};
		F5B29D7101F7393A01A80164 = {
			fileRef = F5B29D6D01F7393A01A80164;
			isa = PBXBuildFile;
			settings = {
			};
		};
		F5B29D7301F7394501A80164 = {
			fileEncoding = 30;
			isa = PBXFileReference;
			path = variables.c;
			refType = 4;
		};
		F5B29D7401F7394501A80164 = {
			fileEncoding = 30;
			isa = PBXFileReference;
			path = variables.h;
			refType = 4;
		};
		F5B29D7501F7394501A80164 = {
			fileRef = F5B29D7401F7394501A80164;
			isa = PBXBuildFile;
			settings = {
			};
		};
		F5B29D7601F7394501A80164 = {
			fileRef = F5B29D7301F7394501A80164;
			isa = PBXBuildFile;
			settings = {
			};
		};
		F5B29D7701F7395001A80164 = {
			fileEncoding = 30;
			isa = PBXFileReference;
			path = WcalcController.h;
			refType = 4;
		};
		F5B29D7801F7395001A80164 = {
			fileEncoding = 30;
			isa = PBXFileReference;
			path = WcalcController.m;
			refType = 4;
		};
		F5B29D7901F7395001A80164 = {
			fileRef = F5B29D7701F7395001A80164;
			isa = PBXBuildFile;
			settings = {
			};
		};
		F5B29D7A01F7395001A80164 = {
			fileRef = F5B29D7801F7395001A80164;
			isa = PBXBuildFile;
			settings = {
			};
		};
		F5B29D7B01F7398A01A80164 = {
			children = (
				F5B29D7C01F7398A01A80164,
			);
			isa = PBXVariantGroup;
			name = MainMenu.nib;
			path = "";
			refType = 4;
		};
		F5B29D7C01F7398A01A80164 = {
			isa = PBXFileReference;
			name = English;
			path = English.lproj/MainMenu.nib;
			refType = 4;
		};
		F5B29D7D01F7398A01A80164 = {
			fileRef = F5B29D7B01F7398A01A80164;
			isa = PBXBuildFile;
			settings = {
			};
		};
		F5B29D8301F73C2701A80164 = {
			isa = PBXFileReference;
			path = w.png;
			refType = 4;
		};
		F5B29D8401F73C2701A80164 = {
			fileRef = F5B29D8301F73C2701A80164;
			isa = PBXBuildFile;
			settings = {
			};
		};
		F5CF4CF1026A383D01A80164 = {
			fileRef = F5D446D00263B46801A80164;
			isa = PBXBuildFile;
			settings = {
			};
		};
		F5CF4CF2026A383D01A80164 = {
			fileRef = F5D446D10263B46801A80164;
			isa = PBXBuildFile;
			settings = {
			};
		};
		F5D446D00263B46801A80164 = {
			fileEncoding = 30;
			isa = PBXFileReference;
			path = MyTextField.h;
			refType = 4;
		};
		F5D446D10263B46801A80164 = {
			fileEncoding = 30;
			isa = PBXFileReference;
			path = MyTextField.m;
			refType = 4;
		};
		F5DD31FF02F6294C01A80164 = {
			fileRef = F5B29D6E01F7393A01A80164;
			isa = PBXBuildFile;
			settings = {
			};
		};
		F5DD321602F8F43501A80164 = {
			fileEncoding = 30;
			isa = PBXFileReference;
			path = conversion.c;
			refType = 4;
		};
		F5DD321702F8F43501A80164 = {
			fileEncoding = 30;
			isa = PBXFileReference;
			path = conversion.h;
			refType = 4;
		};
		F5DD321802F8F43501A80164 = {
			fileRef = F5DD321602F8F43501A80164;
			isa = PBXBuildFile;
			settings = {
			};
		};
		F5DD321902F8F43501A80164 = {
			fileRef = F5DD321702F8F43501A80164;
			isa = PBXBuildFile;
			settings = {
			};
		};
		F5DD321A02F8F43501A80164 = {
			fileRef = F5DD321602F8F43501A80164;
			isa = PBXBuildFile;
			settings = {
			};
		};
		F5DD321B02F8F43501A80164 = {
			fileRef = F5DD321702F8F43501A80164;
			isa = PBXBuildFile;
			settings = {
			};
		};
		F5DEAE8A0211DAA501A80164 = {
			fileRef = F574E09E01FD122F01A80164;
			isa = PBXBuildFile;
			settings = {
			};
		};
		F5DEAE8F021254A501A80164 = {
			fileEncoding = 30;
			isa = PBXFileReference;
			path = definitions.h;
			refType = 4;
		};
		F5DEAE90021254A501A80164 = {
			fileRef = F5DEAE8F021254A501A80164;
			isa = PBXBuildFile;
			settings = {
			};
		};
		F5DEAE91021254A501A80164 = {
			fileRef = F5DEAE8F021254A501A80164;
			isa = PBXBuildFile;
			settings = {
			};
		};
		F5EF54D202022A7001A80164 = {
			fileEncoding = 30;
			isa = PBXFileReference;
			path = theDelegate.m;
			refType = 4;
		};
		F5EF54D302022A7001A80164 = {
			fileEncoding = 30;
			isa = PBXFileReference;
			path = theDelegate.h;
			refType = 4;
		};
		F5EF54D402022A7001A80164 = {
			fileRef = F5EF54D302022A7001A80164;
			isa = PBXBuildFile;
			settings = {
			};
		};
		F5EF54D502022A7001A80164 = {
			fileRef = F5EF54D202022A7001A80164;
			isa = PBXBuildFile;
			settings = {
			};
		};
	};
	rootObject = 29B97313FDCFA39411CA2CEA;
}
