// !$*UTF8*$!
{
	archiveVersion = 1;
	classes = {
	};
	objectVersion = 42;
	objects = {

/* Begin PBXBuildFile section */
		2704376C0C4584640024DB8D /* number.c in Sources */ = {isa = PBXBuildFile; fileRef = 2704376A0C4584640024DB8D /* number.c */; };
		2704376D0C4584640024DB8D /* number.h in Headers */ = {isa = PBXBuildFile; fileRef = 2704376B0C4584640024DB8D /* number.h */; };
		2704376E0C4584640024DB8D /* number.c in Sources */ = {isa = PBXBuildFile; fileRef = 2704376A0C4584640024DB8D /* number.c */; };
		2704376F0C4584640024DB8D /* number.h in Headers */ = {isa = PBXBuildFile; fileRef = 2704376B0C4584640024DB8D /* number.h */; };
		27085E2A0EB4D75E009B43DD /* libl.a in Frameworks */ = {isa = PBXBuildFile; fileRef = 2789AB460EB1877D008DEB99 /* libl.a */; };
		2729A40209B1ECE5001F07F4 /* add_commas.h in Headers */ = {isa = PBXBuildFile; fileRef = 2729A40009B1ECE5001F07F4 /* add_commas.h */; };
		2729A40309B1ECE5001F07F4 /* add_commas.c in Sources */ = {isa = PBXBuildFile; fileRef = 2729A40109B1ECE5001F07F4 /* add_commas.c */; };
		2729A40409B1ECE5001F07F4 /* add_commas.h in Headers */ = {isa = PBXBuildFile; fileRef = 2729A40009B1ECE5001F07F4 /* add_commas.h */; };
		2729A40509B1ECE5001F07F4 /* add_commas.c in Sources */ = {isa = PBXBuildFile; fileRef = 2729A40109B1ECE5001F07F4 /* add_commas.c */; };
		2729A53809B256DA001F07F4 /* PersVarList.h in Headers */ = {isa = PBXBuildFile; fileRef = 2729A53609B256DA001F07F4 /* PersVarList.h */; };
		2729A53909B256DA001F07F4 /* PersVarList.m in Sources */ = {isa = PBXBuildFile; fileRef = 2729A53709B256DA001F07F4 /* PersVarList.m */; };
		272C376308C3FDAF009EA18F /* number_formatting.h in Headers */ = {isa = PBXBuildFile; fileRef = 272C375F08C3FDAF009EA18F /* number_formatting.h */; };
		272C376408C3FDAF009EA18F /* number_formatting.c in Sources */ = {isa = PBXBuildFile; fileRef = 272C376008C3FDAF009EA18F /* number_formatting.c */; };
		273655E6094C63910043391C /* list.h in Headers */ = {isa = PBXBuildFile; fileRef = 273655E4094C63910043391C /* list.h */; };
		273655E7094C63910043391C /* list.c in Sources */ = {isa = PBXBuildFile; fileRef = 273655E5094C63910043391C /* list.c */; };
		273655E8094C63910043391C /* list.h in Headers */ = {isa = PBXBuildFile; fileRef = 273655E4094C63910043391C /* list.h */; };
		273655E9094C63910043391C /* list.c in Sources */ = {isa = PBXBuildFile; fileRef = 273655E5094C63910043391C /* list.c */; };
		273655F3094C63F20043391C /* explain.c in Sources */ = {isa = PBXBuildFile; fileRef = 273655EF094C63F20043391C /* explain.c */; };
		273655F4094C63F20043391C /* explain.h in Headers */ = {isa = PBXBuildFile; fileRef = 273655F0094C63F20043391C /* explain.h */; };
		273655F5094C63F20043391C /* extract_vars.c in Sources */ = {isa = PBXBuildFile; fileRef = 273655F1094C63F20043391C /* extract_vars.c */; };
		273655F6094C63F20043391C /* extract_vars.h in Headers */ = {isa = PBXBuildFile; fileRef = 273655F2094C63F20043391C /* extract_vars.h */; };
		273655F7094C63F20043391C /* explain.c in Sources */ = {isa = PBXBuildFile; fileRef = 273655EF094C63F20043391C /* explain.c */; };
		273655F8094C63F20043391C /* explain.h in Headers */ = {isa = PBXBuildFile; fileRef = 273655F0094C63F20043391C /* explain.h */; };
		273655F9094C63F20043391C /* extract_vars.c in Sources */ = {isa = PBXBuildFile; fileRef = 273655F1094C63F20043391C /* extract_vars.c */; };
		273655FA094C63F20043391C /* extract_vars.h in Headers */ = {isa = PBXBuildFile; fileRef = 273655F2094C63F20043391C /* extract_vars.h */; };
		27365601094C64170043391C /* isconst.c in Sources */ = {isa = PBXBuildFile; fileRef = 273655FD094C64170043391C /* isconst.c */; };
		27365602094C64170043391C /* isfunc.c in Sources */ = {isa = PBXBuildFile; fileRef = 273655FE094C64170043391C /* isfunc.c */; };
		27365603094C64170043391C /* isconst.h in Headers */ = {isa = PBXBuildFile; fileRef = 273655FF094C64170043391C /* isconst.h */; };
		27365604094C64170043391C /* isfunc.h in Headers */ = {isa = PBXBuildFile; fileRef = 27365600094C64170043391C /* isfunc.h */; };
		27365605094C64170043391C /* isconst.c in Sources */ = {isa = PBXBuildFile; fileRef = 273655FD094C64170043391C /* isconst.c */; };
		27365606094C64170043391C /* isfunc.c in Sources */ = {isa = PBXBuildFile; fileRef = 273655FE094C64170043391C /* isfunc.c */; };
		27365607094C64170043391C /* isconst.h in Headers */ = {isa = PBXBuildFile; fileRef = 273655FF094C64170043391C /* isconst.h */; };
		27365608094C64170043391C /* isfunc.h in Headers */ = {isa = PBXBuildFile; fileRef = 27365600094C64170043391C /* isfunc.h */; };
		2736560B094C642B0043391C /* evalvar.c in Sources */ = {isa = PBXBuildFile; fileRef = 27365609094C642B0043391C /* evalvar.c */; };
		2736560C094C642B0043391C /* evalvar.h in Headers */ = {isa = PBXBuildFile; fileRef = 2736560A094C642B0043391C /* evalvar.h */; };
		2736560D094C642B0043391C /* evalvar.c in Sources */ = {isa = PBXBuildFile; fileRef = 27365609094C642B0043391C /* evalvar.c */; };
		2736560E094C642B0043391C /* evalvar.h in Headers */ = {isa = PBXBuildFile; fileRef = 2736560A094C642B0043391C /* evalvar.h */; };
		275D2B5E0C5032E50056D137 /* WcalcService.h in Headers */ = {isa = PBXBuildFile; fileRef = 275D2B5C0C5032E50056D137 /* WcalcService.h */; };
		275D2B5F0C5032E50056D137 /* WcalcService.m in Sources */ = {isa = PBXBuildFile; fileRef = 275D2B5D0C5032E50056D137 /* WcalcService.m */; };
		2773DD3409180D4300DBDA9D /* calculator.h in Headers */ = {isa = PBXBuildFile; fileRef = F5B29D6601F7391601A80164 /* calculator.h */; };
		2773DD3509180D4300DBDA9D /* variables.h in Headers */ = {isa = PBXBuildFile; fileRef = F5B29D7401F7394501A80164 /* variables.h */; };
		2773DD3609180D4300DBDA9D /* definitions.h in Headers */ = {isa = PBXBuildFile; fileRef = F5DEAE8F021254A501A80164 /* definitions.h */; };
		2773DD3709180D4300DBDA9D /* string_manip.h in Headers */ = {isa = PBXBuildFile; fileRef = F5293926023032E201A80164 /* string_manip.h */; };
		2773DD3809180D4300DBDA9D /* conversion.h in Headers */ = {isa = PBXBuildFile; fileRef = F5DD321702F8F43501A80164 /* conversion.h */; };
		2773DD3909180D4300DBDA9D /* help.h in Headers */ = {isa = PBXBuildFile; fileRef = 2799DA4303FAD61400CA71DD /* help.h */; };
		2773DD3A09180D4300DBDA9D /* files.h in Headers */ = {isa = PBXBuildFile; fileRef = 275710BC042D0472004ACA36 /* files.h */; };
		2773DD3B09180D4300DBDA9D /* number_formatting.h in Headers */ = {isa = PBXBuildFile; fileRef = 272C375F08C3FDAF009EA18F /* number_formatting.h */; };
		2773DD3D09180D4300DBDA9D /* calculator.c in Sources */ = {isa = PBXBuildFile; fileRef = F5B29D6501F7391601A80164 /* calculator.c */; };
		2773DD3E09180D4300DBDA9D /* variables.c in Sources */ = {isa = PBXBuildFile; fileRef = F5B29D7301F7394501A80164 /* variables.c */; };
		2773DD3F09180D4300DBDA9D /* parser.y in Sources */ = {isa = PBXBuildFile; fileRef = F5B29D6D01F7393A01A80164 /* parser.y */; };
		2773DD4009180D4300DBDA9D /* scanner.l in Sources */ = {isa = PBXBuildFile; fileRef = F5B29D6E01F7393A01A80164 /* scanner.l */; };
		2773DD4109180D4300DBDA9D /* main.c in Sources */ = {isa = PBXBuildFile; fileRef = F521993F01F8D2B801A80164 /* main.c */; };
		2773DD4209180D4300DBDA9D /* string_manip.c in Sources */ = {isa = PBXBuildFile; fileRef = F5293927023032E201A80164 /* string_manip.c */; };
		2773DD4309180D4300DBDA9D /* conversion.c in Sources */ = {isa = PBXBuildFile; fileRef = F5DD321602F8F43501A80164 /* conversion.c */; };
		2773DD4409180D4300DBDA9D /* help.c in Sources */ = {isa = PBXBuildFile; fileRef = 2799DA4403FAD61400CA71DD /* help.c */; };
		2773DD4509180D4300DBDA9D /* files.c in Sources */ = {isa = PBXBuildFile; fileRef = 275710BD042D0472004ACA36 /* files.c */; };
		2773DD4609180D4300DBDA9D /* number_formatting.c in Sources */ = {isa = PBXBuildFile; fileRef = 272C376008C3FDAF009EA18F /* number_formatting.c */; };
		2773DD650918117800DBDA9D /* historyManager.c in Sources */ = {isa = PBXBuildFile; fileRef = F574E09E01FD122F01A80164 /* historyManager.c */; };
		2773DD660918117900DBDA9D /* historyManager.h in Headers */ = {isa = PBXBuildFile; fileRef = F574E09D01FD122F01A80164 /* historyManager.h */; };
		2789AADA0EB1772B008DEB99 /* NewWcalc.icns in Resources */ = {isa = PBXBuildFile; fileRef = 2789AAD90EB1772B008DEB99 /* NewWcalc.icns */; };
		2789AB470EB1877D008DEB99 /* libl.a in Frameworks */ = {isa = PBXBuildFile; fileRef = 2789AB460EB1877D008DEB99 /* libl.a */; };
		27BDF4C8059F712200CF1DF6 /* simpleCalc.c in Sources */ = {isa = PBXBuildFile; fileRef = 27BDF4C4059F712100CF1DF6 /* simpleCalc.c */; };
		27BDF4C9059F712200CF1DF6 /* simpleCalc.h in Headers */ = {isa = PBXBuildFile; fileRef = 27BDF4C5059F712100CF1DF6 /* simpleCalc.h */; };
		27D39129059BEA850035F25F /* AboutBoxController.h in Headers */ = {isa = PBXBuildFile; fileRef = F5B29D6101F7391001A80164 /* AboutBoxController.h */; };
		27D3912A059BEA850035F25F /* calculator.h in Headers */ = {isa = PBXBuildFile; fileRef = F5B29D6601F7391601A80164 /* calculator.h */; };
		27D3912B059BEA850035F25F /* ErrorController.h in Headers */ = {isa = PBXBuildFile; fileRef = F5B29D6901F7392301A80164 /* ErrorController.h */; };
		27D3912C059BEA850035F25F /* variables.h in Headers */ = {isa = PBXBuildFile; fileRef = F5B29D7401F7394501A80164 /* variables.h */; };
		27D3912D059BEA850035F25F /* WcalcController.h in Headers */ = {isa = PBXBuildFile; fileRef = F5B29D7701F7395001A80164 /* WcalcController.h */; };
		27D3912E059BEA850035F25F /* VariableList.h in Headers */ = {isa = PBXBuildFile; fileRef = F521994601FA8EC401A80164 /* VariableList.h */; };
		27D3912F059BEA850035F25F /* HistoryList.h in Headers */ = {isa = PBXBuildFile; fileRef = F574E09901FD0FD701A80164 /* HistoryList.h */; };
		27D39130059BEA850035F25F /* historyManager.h in Headers */ = {isa = PBXBuildFile; fileRef = F574E09D01FD122F01A80164 /* historyManager.h */; };
		27D39131059BEA850035F25F /* theDelegate.h in Headers */ = {isa = PBXBuildFile; fileRef = F5EF54D302022A7001A80164 /* theDelegate.h */; };
		27D39132059BEA850035F25F /* definitions.h in Headers */ = {isa = PBXBuildFile; fileRef = F5DEAE8F021254A501A80164 /* definitions.h */; };
		27D39133059BEA850035F25F /* string_manip.h in Headers */ = {isa = PBXBuildFile; fileRef = F5293926023032E201A80164 /* string_manip.h */; };
		27D39134059BEA850035F25F /* MyTextField.h in Headers */ = {isa = PBXBuildFile; fileRef = F5D446D00263B46801A80164 /* MyTextField.h */; };
		27D39135059BEA850035F25F /* conversion.h in Headers */ = {isa = PBXBuildFile; fileRef = F5DD321702F8F43501A80164 /* conversion.h */; };
		27D39136059BEA850035F25F /* ConversionList.h in Headers */ = {isa = PBXBuildFile; fileRef = F5A165F7030711ED01A80164 /* ConversionList.h */; };
		27D39137059BEA850035F25F /* help.h in Headers */ = {isa = PBXBuildFile; fileRef = 2799DA4303FAD61400CA71DD /* help.h */; };
		27D39138059BEA850035F25F /* files.h in Headers */ = {isa = PBXBuildFile; fileRef = 275710BC042D0472004ACA36 /* files.h */; };
		27D3913A059BEA850035F25F /* InfoPlist.strings in Resources */ = {isa = PBXBuildFile; fileRef = 089C165CFE840E0CC02AAC07 /* InfoPlist.strings */; };
		27D3913B059BEA850035F25F /* TheW.icns in Resources */ = {isa = PBXBuildFile; fileRef = F5B29D6F01F7393A01A80164 /* TheW.icns */; };
		27D3913C059BEA850035F25F /* MainMenu.nib in Resources */ = {isa = PBXBuildFile; fileRef = F5B29D7B01F7398A01A80164 /* MainMenu.nib */; };
		27D3913D059BEA850035F25F /* w.png in Resources */ = {isa = PBXBuildFile; fileRef = F5B29D8301F73C2701A80164 /* w.png */; };
		27D3913E059BEA850035F25F /* ChangeLog in Resources */ = {isa = PBXBuildFile; fileRef = F521994801FA927601A80164 /* ChangeLog */; };
		27D3913F059BEA850035F25F /* Wred.png in Resources */ = {isa = PBXBuildFile; fileRef = F5463560020065B401A80164 /* Wred.png */; };
		27D39140059BEA850035F25F /* COPYING in Resources */ = {isa = PBXBuildFile; fileRef = 277DB27D042F5173004ACA36 /* COPYING */; };
		27D39141059BEA850035F25F /* NEWS in Resources */ = {isa = PBXBuildFile; fileRef = 277DB27F042F51A5004ACA36 /* NEWS */; };
		27D39143059BEA850035F25F /* main.m in Sources */ = {isa = PBXBuildFile; fileRef = 29B97316FDCFA39411CA2CEA /* main.m */; settings = {ATTRIBUTES = (); }; };
		27D39144059BEA850035F25F /* AboutBoxController.m in Sources */ = {isa = PBXBuildFile; fileRef = F5B29D6201F7391001A80164 /* AboutBoxController.m */; };
		27D39145059BEA850035F25F /* calculator.c in Sources */ = {isa = PBXBuildFile; fileRef = F5B29D6501F7391601A80164 /* calculator.c */; };
		27D39146059BEA850035F25F /* ErrorController.m in Sources */ = {isa = PBXBuildFile; fileRef = F5B29D6A01F7392301A80164 /* ErrorController.m */; };
		27D39147059BEA850035F25F /* parser.y in Sources */ = {isa = PBXBuildFile; fileRef = F5B29D6D01F7393A01A80164 /* parser.y */; };
		27D39148059BEA850035F25F /* variables.c in Sources */ = {isa = PBXBuildFile; fileRef = F5B29D7301F7394501A80164 /* variables.c */; };
		27D39149059BEA850035F25F /* WcalcController.m in Sources */ = {isa = PBXBuildFile; fileRef = F5B29D7801F7395001A80164 /* WcalcController.m */; };
		27D3914A059BEA850035F25F /* VariableList.m in Sources */ = {isa = PBXBuildFile; fileRef = F521994301FA86B001A80164 /* VariableList.m */; };
		27D3914B059BEA850035F25F /* HistoryList.m in Sources */ = {isa = PBXBuildFile; fileRef = F574E09A01FD0FD701A80164 /* HistoryList.m */; };
		27D3914C059BEA850035F25F /* theDelegate.m in Sources */ = {isa = PBXBuildFile; fileRef = F5EF54D202022A7001A80164 /* theDelegate.m */; };
		27D3914D059BEA850035F25F /* historyManager.c in Sources */ = {isa = PBXBuildFile; fileRef = F574E09E01FD122F01A80164 /* historyManager.c */; };
		27D3914E059BEA850035F25F /* string_manip.c in Sources */ = {isa = PBXBuildFile; fileRef = F5293927023032E201A80164 /* string_manip.c */; };
		27D3914F059BEA850035F25F /* MyTextField.m in Sources */ = {isa = PBXBuildFile; fileRef = F5D446D10263B46801A80164 /* MyTextField.m */; };
		27D39150059BEA850035F25F /* scanner.l in Sources */ = {isa = PBXBuildFile; fileRef = F5B29D6E01F7393A01A80164 /* scanner.l */; };
		27D39151059BEA850035F25F /* conversion.c in Sources */ = {isa = PBXBuildFile; fileRef = F5DD321602F8F43501A80164 /* conversion.c */; };
		27D39152059BEA850035F25F /* ConversionList.m in Sources */ = {isa = PBXBuildFile; fileRef = F5A165F8030711ED01A80164 /* ConversionList.m */; };
		27D39153059BEA850035F25F /* help.c in Sources */ = {isa = PBXBuildFile; fileRef = 2799DA4403FAD61400CA71DD /* help.c */; };
		27D39154059BEA850035F25F /* files.c in Sources */ = {isa = PBXBuildFile; fileRef = 275710BD042D0472004ACA36 /* files.c */; };
		27D39156059BEA850035F25F /* Cocoa.framework in Frameworks */ = {isa = PBXBuildFile; fileRef = 1058C7A1FEA54F0111CA2CBB /* Cocoa.framework */; };
		27FAECF2093FAE5A00D7EE3E /* InspectorController.h in Headers */ = {isa = PBXBuildFile; fileRef = 27FAECF0093FAE5A00D7EE3E /* InspectorController.h */; };
		27FAECF3093FAE5A00D7EE3E /* InspectorController.m in Sources */ = {isa = PBXBuildFile; fileRef = 27FAECF1093FAE5A00D7EE3E /* InspectorController.m */; };
/* End PBXBuildFile section */

/* Begin PBXFileReference section */
		089C165DFE840E0CC02AAC07 /* English */ = {isa = PBXFileReference; fileEncoding = 10; lastKnownFileType = text.plist.strings; name = English; path = English.lproj/InfoPlist.strings; sourceTree = "<group>"; };
		1058C7A1FEA54F0111CA2CBB /* Cocoa.framework */ = {isa = PBXFileReference; lastKnownFileType = wrapper.framework; name = Cocoa.framework; path = /System/Library/Frameworks/Cocoa.framework; sourceTree = "<absolute>"; };
		2704376A0C4584640024DB8D /* number.c */ = {isa = PBXFileReference; fileEncoding = 30; lastKnownFileType = sourcecode.c.c; path = number.c; sourceTree = "<group>"; };
		2704376B0C4584640024DB8D /* number.h */ = {isa = PBXFileReference; fileEncoding = 30; lastKnownFileType = sourcecode.c.h; path = number.h; sourceTree = "<group>"; };
		2721CD490869C13400E3BB4D /* Info.plist */ = {isa = PBXFileReference; fileEncoding = 30; lastKnownFileType = text.plist.xml; path = Info.plist; sourceTree = "<group>"; };
		2729A40009B1ECE5001F07F4 /* add_commas.h */ = {isa = PBXFileReference; fileEncoding = 30; lastKnownFileType = sourcecode.c.h; path = add_commas.h; sourceTree = "<group>"; };
		2729A40109B1ECE5001F07F4 /* add_commas.c */ = {isa = PBXFileReference; fileEncoding = 30; lastKnownFileType = sourcecode.c.c; path = add_commas.c; sourceTree = "<group>"; };
		2729A53609B256DA001F07F4 /* PersVarList.h */ = {isa = PBXFileReference; fileEncoding = 30; lastKnownFileType = sourcecode.c.h; path = PersVarList.h; sourceTree = "<group>"; };
		2729A53709B256DA001F07F4 /* PersVarList.m */ = {isa = PBXFileReference; fileEncoding = 30; lastKnownFileType = sourcecode.c.objc; path = PersVarList.m; sourceTree = "<group>"; };
		272C375F08C3FDAF009EA18F /* number_formatting.h */ = {isa = PBXFileReference; fileEncoding = 30; lastKnownFileType = sourcecode.c.h; path = number_formatting.h; sourceTree = "<group>"; };
		272C376008C3FDAF009EA18F /* number_formatting.c */ = {isa = PBXFileReference; fileEncoding = 30; lastKnownFileType = sourcecode.c.c; path = number_formatting.c; sourceTree = "<group>"; };
		273655E4094C63910043391C /* list.h */ = {isa = PBXFileReference; fileEncoding = 30; lastKnownFileType = sourcecode.c.h; path = list.h; sourceTree = "<group>"; };
		273655E5094C63910043391C /* list.c */ = {isa = PBXFileReference; fileEncoding = 30; lastKnownFileType = sourcecode.c.c; path = list.c; sourceTree = "<group>"; };
		273655EF094C63F20043391C /* explain.c */ = {isa = PBXFileReference; fileEncoding = 30; lastKnownFileType = sourcecode.c.c; path = explain.c; sourceTree = "<group>"; };
		273655F0094C63F20043391C /* explain.h */ = {isa = PBXFileReference; fileEncoding = 30; lastKnownFileType = sourcecode.c.h; path = explain.h; sourceTree = "<group>"; };
		273655F1094C63F20043391C /* extract_vars.c */ = {isa = PBXFileReference; fileEncoding = 30; lastKnownFileType = sourcecode.c.c; path = extract_vars.c; sourceTree = "<group>"; };
		273655F2094C63F20043391C /* extract_vars.h */ = {isa = PBXFileReference; fileEncoding = 30; lastKnownFileType = sourcecode.c.h; path = extract_vars.h; sourceTree = "<group>"; };
		273655FD094C64170043391C /* isconst.c */ = {isa = PBXFileReference; fileEncoding = 30; lastKnownFileType = sourcecode.c.c; path = isconst.c; sourceTree = "<group>"; };
		273655FE094C64170043391C /* isfunc.c */ = {isa = PBXFileReference; fileEncoding = 30; lastKnownFileType = sourcecode.c.c; path = isfunc.c; sourceTree = "<group>"; };
		273655FF094C64170043391C /* isconst.h */ = {isa = PBXFileReference; fileEncoding = 30; lastKnownFileType = sourcecode.c.h; path = isconst.h; sourceTree = "<group>"; };
		27365600094C64170043391C /* isfunc.h */ = {isa = PBXFileReference; fileEncoding = 30; lastKnownFileType = sourcecode.c.h; path = isfunc.h; sourceTree = "<group>"; };
		27365609094C642B0043391C /* evalvar.c */ = {isa = PBXFileReference; fileEncoding = 30; lastKnownFileType = sourcecode.c.c; path = evalvar.c; sourceTree = "<group>"; };
		2736560A094C642B0043391C /* evalvar.h */ = {isa = PBXFileReference; fileEncoding = 30; lastKnownFileType = sourcecode.c.h; path = evalvar.h; sourceTree = "<group>"; };
		275710BC042D0472004ACA36 /* files.h */ = {isa = PBXFileReference; fileEncoding = 4; lastKnownFileType = sourcecode.c.h; path = files.h; sourceTree = "<group>"; };
		275710BD042D0472004ACA36 /* files.c */ = {isa = PBXFileReference; fileEncoding = 4; lastKnownFileType = sourcecode.c.c; path = files.c; sourceTree = "<group>"; };
		275D2B5C0C5032E50056D137 /* WcalcService.h */ = {isa = PBXFileReference; fileEncoding = 4; lastKnownFileType = sourcecode.c.h; path = WcalcService.h; sourceTree = "<group>"; };
		275D2B5D0C5032E50056D137 /* WcalcService.m */ = {isa = PBXFileReference; fileEncoding = 4; lastKnownFileType = sourcecode.c.objc; path = WcalcService.m; sourceTree = "<group>"; };
		2773DD4F09180D4300DBDA9D /* wcalc */ = {isa = PBXFileReference; explicitFileType = "compiled.mach-o.executable"; includeInIndex = 0; path = wcalc; sourceTree = BUILT_PRODUCTS_DIR; };
		277DB27D042F5173004ACA36 /* COPYING */ = {isa = PBXFileReference; fileEncoding = 30; lastKnownFileType = text; path = COPYING; sourceTree = "<group>"; };
		277DB27F042F51A5004ACA36 /* NEWS */ = {isa = PBXFileReference; fileEncoding = 30; lastKnownFileType = text; path = NEWS; sourceTree = "<group>"; };
		2789AAD90EB1772B008DEB99 /* NewWcalc.icns */ = {isa = PBXFileReference; lastKnownFileType = image.icns; path = NewWcalc.icns; sourceTree = "<group>"; };
		2789AB460EB1877D008DEB99 /* libl.a */ = {isa = PBXFileReference; lastKnownFileType = archive.ar; name = libl.a; path = /usr/lib/libl.a; sourceTree = "<absolute>"; };
		2799DA4303FAD61400CA71DD /* help.h */ = {isa = PBXFileReference; fileEncoding = 4; lastKnownFileType = sourcecode.c.h; path = help.h; sourceTree = "<group>"; };
		2799DA4403FAD61400CA71DD /* help.c */ = {isa = PBXFileReference; fileEncoding = 4; lastKnownFileType = sourcecode.c.c; path = help.c; sourceTree = "<group>"; };
		27BDF4C4059F712100CF1DF6 /* simpleCalc.c */ = {isa = PBXFileReference; fileEncoding = 30; lastKnownFileType = sourcecode.c.c; path = simpleCalc.c; sourceTree = "<group>"; };
		27BDF4C5059F712100CF1DF6 /* simpleCalc.h */ = {isa = PBXFileReference; fileEncoding = 30; lastKnownFileType = sourcecode.c.h; path = simpleCalc.h; sourceTree = "<group>"; };
		27D3915A059BEA860035F25F /* Wcalc.app */ = {isa = PBXFileReference; explicitFileType = wrapper.application; includeInIndex = 0; path = Wcalc.app; sourceTree = BUILT_PRODUCTS_DIR; };
		27FAECF0093FAE5A00D7EE3E /* InspectorController.h */ = {isa = PBXFileReference; fileEncoding = 30; lastKnownFileType = sourcecode.c.h; path = InspectorController.h; sourceTree = "<group>"; };
		27FAECF1093FAE5A00D7EE3E /* InspectorController.m */ = {isa = PBXFileReference; fileEncoding = 30; lastKnownFileType = sourcecode.c.objc; path = InspectorController.m; sourceTree = "<group>"; };
		29B97316FDCFA39411CA2CEA /* main.m */ = {isa = PBXFileReference; fileEncoding = 30; lastKnownFileType = sourcecode.c.objc; path = main.m; sourceTree = "<group>"; };
		29B97324FDCFA39411CA2CEA /* AppKit.framework */ = {isa = PBXFileReference; lastKnownFileType = wrapper.framework; name = AppKit.framework; path = /System/Library/Frameworks/AppKit.framework; sourceTree = "<absolute>"; };
		29B97325FDCFA39411CA2CEA /* Foundation.framework */ = {isa = PBXFileReference; lastKnownFileType = wrapper.framework; name = Foundation.framework; path = /System/Library/Frameworks/Foundation.framework; sourceTree = "<absolute>"; };
		F521993F01F8D2B801A80164 /* main.c */ = {isa = PBXFileReference; fileEncoding = 30; lastKnownFileType = sourcecode.c.c; path = main.c; sourceTree = "<group>"; };
		F521994301FA86B001A80164 /* VariableList.m */ = {isa = PBXFileReference; fileEncoding = 30; lastKnownFileType = sourcecode.c.objc; path = VariableList.m; sourceTree = "<group>"; };
		F521994601FA8EC401A80164 /* VariableList.h */ = {isa = PBXFileReference; fileEncoding = 30; lastKnownFileType = sourcecode.c.h; path = VariableList.h; sourceTree = "<group>"; };
		F521994801FA927601A80164 /* ChangeLog */ = {isa = PBXFileReference; fileEncoding = 30; lastKnownFileType = text; path = ChangeLog; sourceTree = "<group>"; };
		F5293926023032E201A80164 /* string_manip.h */ = {isa = PBXFileReference; fileEncoding = 30; lastKnownFileType = sourcecode.c.h; path = string_manip.h; sourceTree = "<group>"; };
		F5293927023032E201A80164 /* string_manip.c */ = {isa = PBXFileReference; fileEncoding = 30; lastKnownFileType = sourcecode.c.c; path = string_manip.c; sourceTree = "<group>"; };
		F5463560020065B401A80164 /* Wred.png */ = {isa = PBXFileReference; lastKnownFileType = image.png; path = Wred.png; sourceTree = "<group>"; };
		F574E09901FD0FD701A80164 /* HistoryList.h */ = {isa = PBXFileReference; fileEncoding = 30; lastKnownFileType = sourcecode.c.h; path = HistoryList.h; sourceTree = "<group>"; };
		F574E09A01FD0FD701A80164 /* HistoryList.m */ = {isa = PBXFileReference; fileEncoding = 30; lastKnownFileType = sourcecode.c.objc; path = HistoryList.m; sourceTree = "<group>"; };
		F574E09D01FD122F01A80164 /* historyManager.h */ = {isa = PBXFileReference; fileEncoding = 30; lastKnownFileType = sourcecode.c.h; path = historyManager.h; sourceTree = "<group>"; };
		F574E09E01FD122F01A80164 /* historyManager.c */ = {isa = PBXFileReference; fileEncoding = 30; lastKnownFileType = sourcecode.c.c; path = historyManager.c; sourceTree = "<group>"; };
		F5A165F7030711ED01A80164 /* ConversionList.h */ = {isa = PBXFileReference; fileEncoding = 30; lastKnownFileType = sourcecode.c.h; path = ConversionList.h; sourceTree = "<group>"; };
		F5A165F8030711ED01A80164 /* ConversionList.m */ = {isa = PBXFileReference; fileEncoding = 30; lastKnownFileType = sourcecode.c.objc; path = ConversionList.m; sourceTree = "<group>"; };
		F5B29D6101F7391001A80164 /* AboutBoxController.h */ = {isa = PBXFileReference; fileEncoding = 30; lastKnownFileType = sourcecode.c.h; path = AboutBoxController.h; sourceTree = "<group>"; };
		F5B29D6201F7391001A80164 /* AboutBoxController.m */ = {isa = PBXFileReference; fileEncoding = 30; lastKnownFileType = sourcecode.c.objc; path = AboutBoxController.m; sourceTree = "<group>"; };
		F5B29D6501F7391601A80164 /* calculator.c */ = {isa = PBXFileReference; fileEncoding = 30; lastKnownFileType = sourcecode.c.c; path = calculator.c; sourceTree = "<group>"; };
		F5B29D6601F7391601A80164 /* calculator.h */ = {isa = PBXFileReference; fileEncoding = 30; lastKnownFileType = sourcecode.c.h; path = calculator.h; sourceTree = "<group>"; };
		F5B29D6901F7392301A80164 /* ErrorController.h */ = {isa = PBXFileReference; fileEncoding = 30; lastKnownFileType = sourcecode.c.h; path = ErrorController.h; sourceTree = "<group>"; };
		F5B29D6A01F7392301A80164 /* ErrorController.m */ = {isa = PBXFileReference; fileEncoding = 30; lastKnownFileType = sourcecode.c.objc; path = ErrorController.m; sourceTree = "<group>"; };
		F5B29D6D01F7393A01A80164 /* parser.y */ = {isa = PBXFileReference; fileEncoding = 30; lastKnownFileType = sourcecode.yacc; path = parser.y; sourceTree = "<group>"; };
		F5B29D6E01F7393A01A80164 /* scanner.l */ = {isa = PBXFileReference; fileEncoding = 30; lastKnownFileType = sourcecode.lex; path = scanner.l; sourceTree = "<group>"; };
		F5B29D6F01F7393A01A80164 /* TheW.icns */ = {isa = PBXFileReference; lastKnownFileType = image.icns; path = TheW.icns; sourceTree = "<group>"; };
		F5B29D7301F7394501A80164 /* variables.c */ = {isa = PBXFileReference; fileEncoding = 30; lastKnownFileType = sourcecode.c.c; path = variables.c; sourceTree = "<group>"; };
		F5B29D7401F7394501A80164 /* variables.h */ = {isa = PBXFileReference; fileEncoding = 30; lastKnownFileType = sourcecode.c.h; path = variables.h; sourceTree = "<group>"; };
		F5B29D7701F7395001A80164 /* WcalcController.h */ = {isa = PBXFileReference; fileEncoding = 30; lastKnownFileType = sourcecode.c.h; path = WcalcController.h; sourceTree = "<group>"; };
		F5B29D7801F7395001A80164 /* WcalcController.m */ = {isa = PBXFileReference; fileEncoding = 30; lastKnownFileType = sourcecode.c.objc; path = WcalcController.m; sourceTree = "<group>"; };
		F5B29D7C01F7398A01A80164 /* English */ = {isa = PBXFileReference; lastKnownFileType = wrapper.nib; name = English; path = English.lproj/MainMenu.nib; sourceTree = "<group>"; };
		F5B29D8301F73C2701A80164 /* w.png */ = {isa = PBXFileReference; lastKnownFileType = image.png; path = w.png; sourceTree = "<group>"; };
		F5D446D00263B46801A80164 /* MyTextField.h */ = {isa = PBXFileReference; fileEncoding = 30; lastKnownFileType = sourcecode.c.h; path = MyTextField.h; sourceTree = "<group>"; };
		F5D446D10263B46801A80164 /* MyTextField.m */ = {isa = PBXFileReference; fileEncoding = 30; lastKnownFileType = sourcecode.c.objc; path = MyTextField.m; sourceTree = "<group>"; };
		F5DD321602F8F43501A80164 /* conversion.c */ = {isa = PBXFileReference; fileEncoding = 30; lastKnownFileType = sourcecode.c.c; path = conversion.c; sourceTree = "<group>"; };
		F5DD321702F8F43501A80164 /* conversion.h */ = {isa = PBXFileReference; fileEncoding = 30; lastKnownFileType = sourcecode.c.h; path = conversion.h; sourceTree = "<group>"; };
		F5DEAE8F021254A501A80164 /* definitions.h */ = {isa = PBXFileReference; fileEncoding = 30; lastKnownFileType = sourcecode.c.h; path = definitions.h; sourceTree = "<group>"; };
		F5EF54D202022A7001A80164 /* theDelegate.m */ = {isa = PBXFileReference; fileEncoding = 30; lastKnownFileType = sourcecode.c.objc; path = theDelegate.m; sourceTree = "<group>"; };
		F5EF54D302022A7001A80164 /* theDelegate.h */ = {isa = PBXFileReference; fileEncoding = 30; lastKnownFileType = sourcecode.c.h; path = theDelegate.h; sourceTree = "<group>"; };
/* End PBXFileReference section */

/* Begin PBXFrameworksBuildPhase section */
		2773DD4709180D4300DBDA9D /* Frameworks */ = {
			isa = PBXFrameworksBuildPhase;
			buildActionMask = 2147483647;
			files = (
				27085E2A0EB4D75E009B43DD /* libl.a in Frameworks */,
			);
			runOnlyForDeploymentPostprocessing = 0;
		};
		27D39155059BEA850035F25F /* Frameworks */ = {
			isa = PBXFrameworksBuildPhase;
			buildActionMask = 2147483647;
			files = (
				27D39156059BEA850035F25F /* Cocoa.framework in Frameworks */,
				2789AB470EB1877D008DEB99 /* libl.a in Frameworks */,
			);
			runOnlyForDeploymentPostprocessing = 0;
		};
/* End PBXFrameworksBuildPhase section */

/* Begin PBXGroup section */
		080E96DDFE201D6D7F000001 /* Classes */ = {
			isa = PBXGroup;
			children = (
				275D2B5C0C5032E50056D137 /* WcalcService.h */,
				275D2B5D0C5032E50056D137 /* WcalcService.m */,
				F5B29D6101F7391001A80164 /* AboutBoxController.h */,
				F5B29D6201F7391001A80164 /* AboutBoxController.m */,
				F5B29D6901F7392301A80164 /* ErrorController.h */,
				F5B29D6A01F7392301A80164 /* ErrorController.m */,
				F5B29D7701F7395001A80164 /* WcalcController.h */,
				F5B29D7801F7395001A80164 /* WcalcController.m */,
				27BDF4C5059F712100CF1DF6 /* simpleCalc.h */,
				27BDF4C4059F712100CF1DF6 /* simpleCalc.c */,
				F5B29D6001F738F601A80164 /* Shared Code */,
				F521994601FA8EC401A80164 /* VariableList.h */,
				F521994301FA86B001A80164 /* VariableList.m */,
				F574E09901FD0FD701A80164 /* HistoryList.h */,
				F574E09A01FD0FD701A80164 /* HistoryList.m */,
				F5EF54D302022A7001A80164 /* theDelegate.h */,
				F5EF54D202022A7001A80164 /* theDelegate.m */,
				F5D446D00263B46801A80164 /* MyTextField.h */,
				F5D446D10263B46801A80164 /* MyTextField.m */,
				F5A165F7030711ED01A80164 /* ConversionList.h */,
				F5A165F8030711ED01A80164 /* ConversionList.m */,
				27FAECF0093FAE5A00D7EE3E /* InspectorController.h */,
				27FAECF1093FAE5A00D7EE3E /* InspectorController.m */,
				2729A53609B256DA001F07F4 /* PersVarList.h */,
				2729A53709B256DA001F07F4 /* PersVarList.m */,
			);
			name = Classes;
			sourceTree = "<group>";
		};
		1058C7A0FEA54F0111CA2CBB /* Linked Frameworks */ = {
			isa = PBXGroup;
			children = (
				2789AB460EB1877D008DEB99 /* libl.a */,
				1058C7A1FEA54F0111CA2CBB /* Cocoa.framework */,
			);
			name = "Linked Frameworks";
			sourceTree = "<group>";
		};
		1058C7A2FEA54F0111CA2CBB /* Other Frameworks */ = {
			isa = PBXGroup;
			children = (
				29B97325FDCFA39411CA2CEA /* Foundation.framework */,
				29B97324FDCFA39411CA2CEA /* AppKit.framework */,
			);
			name = "Other Frameworks";
			sourceTree = "<group>";
		};
		19C28FACFE9D520D11CA2CBB /* Products */ = {
			isa = PBXGroup;
			children = (
				27D3915A059BEA860035F25F /* Wcalc.app */,
				2773DD4F09180D4300DBDA9D /* wcalc */,
			);
			name = Products;
			sourceTree = "<group>";
		};
		29B97314FDCFA39411CA2CEA /* Wcalc */ = {
			isa = PBXGroup;
			children = (
				080E96DDFE201D6D7F000001 /* Classes */,
				29B97315FDCFA39411CA2CEA /* Other Sources */,
				29B97317FDCFA39411CA2CEA /* Resources */,
				29B97323FDCFA39411CA2CEA /* Frameworks */,
				19C28FACFE9D520D11CA2CBB /* Products */,
			);
			name = Wcalc;
			sourceTree = "<group>";
		};
		29B97315FDCFA39411CA2CEA /* Other Sources */ = {
			isa = PBXGroup;
			children = (
				29B97316FDCFA39411CA2CEA /* main.m */,
				F521993F01F8D2B801A80164 /* main.c */,
			);
			name = "Other Sources";
			sourceTree = "<group>";
		};
		29B97317FDCFA39411CA2CEA /* Resources */ = {
			isa = PBXGroup;
			children = (
				F5B29D6F01F7393A01A80164 /* TheW.icns */,
				2789AAD90EB1772B008DEB99 /* NewWcalc.icns */,
				2721CD490869C13400E3BB4D /* Info.plist */,
				F5B29D7B01F7398A01A80164 /* MainMenu.nib */,
				089C165CFE840E0CC02AAC07 /* InfoPlist.strings */,
				F5463560020065B401A80164 /* Wred.png */,
				F5B29D8301F73C2701A80164 /* w.png */,
				F521994801FA927601A80164 /* ChangeLog */,
				277DB27F042F51A5004ACA36 /* NEWS */,
				277DB27D042F5173004ACA36 /* COPYING */,
			);
			name = Resources;
			sourceTree = "<group>";
		};
		29B97323FDCFA39411CA2CEA /* Frameworks */ = {
			isa = PBXGroup;
			children = (
				1058C7A0FEA54F0111CA2CBB /* Linked Frameworks */,
				1058C7A2FEA54F0111CA2CBB /* Other Frameworks */,
			);
			name = Frameworks;
			sourceTree = "<group>";
		};
		F5B29D6001F738F601A80164 /* Shared Code */ = {
			isa = PBXGroup;
			children = (
				F5DEAE8F021254A501A80164 /* definitions.h */,
				2729A40009B1ECE5001F07F4 /* add_commas.h */,
				2729A40109B1ECE5001F07F4 /* add_commas.c */,
				F5B29D6601F7391601A80164 /* calculator.h */,
				F5B29D6501F7391601A80164 /* calculator.c */,
				27365609094C642B0043391C /* evalvar.c */,
				2736560A094C642B0043391C /* evalvar.h */,
				273655EF094C63F20043391C /* explain.c */,
				273655F0094C63F20043391C /* explain.h */,
				273655F1094C63F20043391C /* extract_vars.c */,
				273655F2094C63F20043391C /* extract_vars.h */,
				2799DA4303FAD61400CA71DD /* help.h */,
				2799DA4403FAD61400CA71DD /* help.c */,
				273655FD094C64170043391C /* isconst.c */,
				273655FE094C64170043391C /* isfunc.c */,
				273655FF094C64170043391C /* isconst.h */,
				27365600094C64170043391C /* isfunc.h */,
				273655E4094C63910043391C /* list.h */,
				273655E5094C63910043391C /* list.c */,
				F5B29D7401F7394501A80164 /* variables.h */,
				F5B29D7301F7394501A80164 /* variables.c */,
				F5B29D6D01F7393A01A80164 /* parser.y */,
				F5B29D6E01F7393A01A80164 /* scanner.l */,
				F5293926023032E201A80164 /* string_manip.h */,
				F5293927023032E201A80164 /* string_manip.c */,
				F5DD321702F8F43501A80164 /* conversion.h */,
				F5DD321602F8F43501A80164 /* conversion.c */,
				275710BC042D0472004ACA36 /* files.h */,
				275710BD042D0472004ACA36 /* files.c */,
				F574E09D01FD122F01A80164 /* historyManager.h */,
				F574E09E01FD122F01A80164 /* historyManager.c */,
				272C375F08C3FDAF009EA18F /* number_formatting.h */,
				272C376008C3FDAF009EA18F /* number_formatting.c */,
				2704376A0C4584640024DB8D /* number.c */,
				2704376B0C4584640024DB8D /* number.h */,
			);
			name = "Shared Code";
			sourceTree = "<group>";
		};
/* End PBXGroup section */

/* Begin PBXHeadersBuildPhase section */
		2773DD3309180D4300DBDA9D /* Headers */ = {
			isa = PBXHeadersBuildPhase;
			buildActionMask = 2147483647;
			files = (
				2773DD3409180D4300DBDA9D /* calculator.h in Headers */,
				2773DD3509180D4300DBDA9D /* variables.h in Headers */,
				2773DD3609180D4300DBDA9D /* definitions.h in Headers */,
				2773DD3709180D4300DBDA9D /* string_manip.h in Headers */,
				2773DD3809180D4300DBDA9D /* conversion.h in Headers */,
				2773DD3909180D4300DBDA9D /* help.h in Headers */,
				2773DD3A09180D4300DBDA9D /* files.h in Headers */,
				2773DD3B09180D4300DBDA9D /* number_formatting.h in Headers */,
				2773DD660918117900DBDA9D /* historyManager.h in Headers */,
				273655E8094C63910043391C /* list.h in Headers */,
				273655F8094C63F20043391C /* explain.h in Headers */,
				273655FA094C63F20043391C /* extract_vars.h in Headers */,
				27365607094C64170043391C /* isconst.h in Headers */,
				27365608094C64170043391C /* isfunc.h in Headers */,
				2736560E094C642B0043391C /* evalvar.h in Headers */,
				2729A40409B1ECE5001F07F4 /* add_commas.h in Headers */,
				2704376F0C4584640024DB8D /* number.h in Headers */,
			);
			runOnlyForDeploymentPostprocessing = 0;
		};
		27D39128059BEA850035F25F /* Headers */ = {
			isa = PBXHeadersBuildPhase;
			buildActionMask = 2147483647;
			files = (
				27D39129059BEA850035F25F /* AboutBoxController.h in Headers */,
				27D3912A059BEA850035F25F /* calculator.h in Headers */,
				27D3912B059BEA850035F25F /* ErrorController.h in Headers */,
				27D3912C059BEA850035F25F /* variables.h in Headers */,
				27D3912D059BEA850035F25F /* WcalcController.h in Headers */,
				27D3912E059BEA850035F25F /* VariableList.h in Headers */,
				27D3912F059BEA850035F25F /* HistoryList.h in Headers */,
				27D39130059BEA850035F25F /* historyManager.h in Headers */,
				27D39131059BEA850035F25F /* theDelegate.h in Headers */,
				27D39132059BEA850035F25F /* definitions.h in Headers */,
				27D39133059BEA850035F25F /* string_manip.h in Headers */,
				27D39134059BEA850035F25F /* MyTextField.h in Headers */,
				27D39135059BEA850035F25F /* conversion.h in Headers */,
				27D39136059BEA850035F25F /* ConversionList.h in Headers */,
				27D39137059BEA850035F25F /* help.h in Headers */,
				27D39138059BEA850035F25F /* files.h in Headers */,
				27BDF4C9059F712200CF1DF6 /* simpleCalc.h in Headers */,
				272C376308C3FDAF009EA18F /* number_formatting.h in Headers */,
				27FAECF2093FAE5A00D7EE3E /* InspectorController.h in Headers */,
				273655E6094C63910043391C /* list.h in Headers */,
				273655F4094C63F20043391C /* explain.h in Headers */,
				273655F6094C63F20043391C /* extract_vars.h in Headers */,
				27365603094C64170043391C /* isconst.h in Headers */,
				27365604094C64170043391C /* isfunc.h in Headers */,
				2736560C094C642B0043391C /* evalvar.h in Headers */,
				2729A40209B1ECE5001F07F4 /* add_commas.h in Headers */,
				2729A53809B256DA001F07F4 /* PersVarList.h in Headers */,
				2704376D0C4584640024DB8D /* number.h in Headers */,
				275D2B5E0C5032E50056D137 /* WcalcService.h in Headers */,
			);
			runOnlyForDeploymentPostprocessing = 0;
		};
/* End PBXHeadersBuildPhase section */

/* Begin PBXNativeTarget section */
		2773DD3209180D4300DBDA9D /* wcalc */ = {
			isa = PBXNativeTarget;
			buildConfigurationList = 2773DD4B09180D4300DBDA9D /* Build configuration list for PBXNativeTarget "wcalc" */;
			buildPhases = (
				2773DD3309180D4300DBDA9D /* Headers */,
				2773DD3C09180D4300DBDA9D /* Sources */,
				2773DD4709180D4300DBDA9D /* Frameworks */,
				2773DD4A09180D4300DBDA9D /* Rez */,
			);
			buildRules = (
			);
			dependencies = (
			);
			name = wcalc;
			productName = wcalc;
			productReference = 2773DD4F09180D4300DBDA9D /* wcalc */;
			productType = "com.apple.product-type.tool";
		};
		27D39127059BEA850035F25F /* Wcalc.app */ = {
			isa = PBXNativeTarget;
			buildConfigurationList = 27B38FA00859DCBE00C2FE3C /* Build configuration list for PBXNativeTarget "Wcalc.app" */;
			buildPhases = (
				27D39128059BEA850035F25F /* Headers */,
				27D39139059BEA850035F25F /* Resources */,
				27D39142059BEA850035F25F /* Sources */,
				27D39155059BEA850035F25F /* Frameworks */,
			);
			buildRules = (
			);
			dependencies = (
			);
			name = Wcalc.app;
			productName = Wcalc;
			productReference = 27D3915A059BEA860035F25F /* Wcalc.app */;
			productType = "com.apple.product-type.application";
		};
/* End PBXNativeTarget section */

/* Begin PBXProject section */
		29B97313FDCFA39411CA2CEA /* Project object */ = {
			isa = PBXProject;
			buildConfigurationList = 27B38FA40859DCBE00C2FE3C /* Build configuration list for PBXProject "Wcalc" */;
			compatibilityVersion = "Xcode 2.4";
			hasScannedForEncodings = 1;
			mainGroup = 29B97314FDCFA39411CA2CEA /* Wcalc */;
			projectDirPath = "";
			projectRoot = "";
			targets = (
				2773DD3209180D4300DBDA9D /* wcalc */,
				27D39127059BEA850035F25F /* Wcalc.app */,
			);
		};
/* End PBXProject section */

/* Begin PBXResourcesBuildPhase section */
		27D39139059BEA850035F25F /* Resources */ = {
			isa = PBXResourcesBuildPhase;
			buildActionMask = 2147483647;
			files = (
				27D3913A059BEA850035F25F /* InfoPlist.strings in Resources */,
				27D3913B059BEA850035F25F /* TheW.icns in Resources */,
				27D3913C059BEA850035F25F /* MainMenu.nib in Resources */,
				27D3913D059BEA850035F25F /* w.png in Resources */,
				27D3913E059BEA850035F25F /* ChangeLog in Resources */,
				27D3913F059BEA850035F25F /* Wred.png in Resources */,
				27D39140059BEA850035F25F /* COPYING in Resources */,
				27D39141059BEA850035F25F /* NEWS in Resources */,
				2789AADA0EB1772B008DEB99 /* NewWcalc.icns in Resources */,
			);
			runOnlyForDeploymentPostprocessing = 0;
		};
/* End PBXResourcesBuildPhase section */

/* Begin PBXRezBuildPhase section */
		2773DD4A09180D4300DBDA9D /* Rez */ = {
			isa = PBXRezBuildPhase;
			buildActionMask = 2147483647;
			files = (
			);
			runOnlyForDeploymentPostprocessing = 0;
		};
/* End PBXRezBuildPhase section */

/* Begin PBXSourcesBuildPhase section */
		2773DD3C09180D4300DBDA9D /* Sources */ = {
			isa = PBXSourcesBuildPhase;
			buildActionMask = 2147483647;
			files = (
				2773DD3D09180D4300DBDA9D /* calculator.c in Sources */,
				2773DD3E09180D4300DBDA9D /* variables.c in Sources */,
				2773DD3F09180D4300DBDA9D /* parser.y in Sources */,
				2773DD4009180D4300DBDA9D /* scanner.l in Sources */,
				2773DD4109180D4300DBDA9D /* main.c in Sources */,
				2773DD4209180D4300DBDA9D /* string_manip.c in Sources */,
				2773DD4309180D4300DBDA9D /* conversion.c in Sources */,
				2773DD4409180D4300DBDA9D /* help.c in Sources */,
				2773DD4509180D4300DBDA9D /* files.c in Sources */,
				2773DD4609180D4300DBDA9D /* number_formatting.c in Sources */,
				2773DD650918117800DBDA9D /* historyManager.c in Sources */,
				273655E9094C63910043391C /* list.c in Sources */,
				273655F7094C63F20043391C /* explain.c in Sources */,
				273655F9094C63F20043391C /* extract_vars.c in Sources */,
				27365605094C64170043391C /* isconst.c in Sources */,
				27365606094C64170043391C /* isfunc.c in Sources */,
				2736560D094C642B0043391C /* evalvar.c in Sources */,
				2729A40509B1ECE5001F07F4 /* add_commas.c in Sources */,
				2704376E0C4584640024DB8D /* number.c in Sources */,
			);
			runOnlyForDeploymentPostprocessing = 0;
		};
		27D39142059BEA850035F25F /* Sources */ = {
			isa = PBXSourcesBuildPhase;
			buildActionMask = 2147483647;
			files = (
				27D39143059BEA850035F25F /* main.m in Sources */,
				27D39144059BEA850035F25F /* AboutBoxController.m in Sources */,
				27D39145059BEA850035F25F /* calculator.c in Sources */,
				27D39146059BEA850035F25F /* ErrorController.m in Sources */,
				27D39147059BEA850035F25F /* parser.y in Sources */,
				27D39148059BEA850035F25F /* variables.c in Sources */,
				27D39149059BEA850035F25F /* WcalcController.m in Sources */,
				27D3914A059BEA850035F25F /* VariableList.m in Sources */,
				27D3914B059BEA850035F25F /* HistoryList.m in Sources */,
				27D3914C059BEA850035F25F /* theDelegate.m in Sources */,
				27D3914D059BEA850035F25F /* historyManager.c in Sources */,
				27D3914E059BEA850035F25F /* string_manip.c in Sources */,
				27D3914F059BEA850035F25F /* MyTextField.m in Sources */,
				27D39150059BEA850035F25F /* scanner.l in Sources */,
				27D39151059BEA850035F25F /* conversion.c in Sources */,
				27D39152059BEA850035F25F /* ConversionList.m in Sources */,
				27D39153059BEA850035F25F /* help.c in Sources */,
				27D39154059BEA850035F25F /* files.c in Sources */,
				27BDF4C8059F712200CF1DF6 /* simpleCalc.c in Sources */,
				272C376408C3FDAF009EA18F /* number_formatting.c in Sources */,
				27FAECF3093FAE5A00D7EE3E /* InspectorController.m in Sources */,
				273655E7094C63910043391C /* list.c in Sources */,
				273655F3094C63F20043391C /* explain.c in Sources */,
				273655F5094C63F20043391C /* extract_vars.c in Sources */,
				27365601094C64170043391C /* isconst.c in Sources */,
				27365602094C64170043391C /* isfunc.c in Sources */,
				2736560B094C642B0043391C /* evalvar.c in Sources */,
				2729A40309B1ECE5001F07F4 /* add_commas.c in Sources */,
				2729A53909B256DA001F07F4 /* PersVarList.m in Sources */,
				2704376C0C4584640024DB8D /* number.c in Sources */,
				275D2B5F0C5032E50056D137 /* WcalcService.m in Sources */,
			);
			runOnlyForDeploymentPostprocessing = 0;
		};
/* End PBXSourcesBuildPhase section */

/* Begin PBXVariantGroup section */
		089C165CFE840E0CC02AAC07 /* InfoPlist.strings */ = {
			isa = PBXVariantGroup;
			children = (
				089C165DFE840E0CC02AAC07 /* English */,
			);
			name = InfoPlist.strings;
			sourceTree = "<group>";
		};
		F5B29D7B01F7398A01A80164 /* MainMenu.nib */ = {
			isa = PBXVariantGroup;
			children = (
				F5B29D7C01F7398A01A80164 /* English */,
			);
			name = MainMenu.nib;
			sourceTree = "<group>";
		};
/* End PBXVariantGroup section */

/* Begin XCBuildConfiguration section */
		275D2DBF0C514B850056D137 /* Deployment Universal */ = {
			isa = XCBuildConfiguration;
			buildSettings = {
				COPY_PHASE_STRIP = YES;
				DEAD_CODE_STRIPPING = YES;
				DEPLOYMENT_POSTPROCESSING = YES;
				GCC_CW_ASM_SYNTAX = NO;
				GCC_ENABLE_FIX_AND_CONTINUE = NO;
				GCC_ENABLE_PASCAL_STRINGS = NO;
				GCC_OPTIMIZATION_LEVEL = 2;
				GCC_PRECOMPILE_PREFIX_HEADER = YES;
				GCC_PREPROCESSOR_DEFINITIONS = (
					"$(GCC_PREPROCESSOR_DEFINITIONS_QUOTED_FOR_TARGET_1)",
					GUI,
					STDC_HEADERS,
				);
				GCC_PREPROCESSOR_DEFINITIONS_QUOTED_FOR_TARGET_1 = "VERSION=\\\"${CURRENT_PROJECT_VERSION}\\\"";
				GCC_WARN_ABOUT_RETURN_TYPE = YES;
				GCC_WARN_CHECK_SWITCH_STATEMENTS = YES;
				GCC_WARN_INITIALIZER_NOT_FULLY_BRACKETED = YES;
				GCC_WARN_MISSING_PARENTHESES = YES;
				GCC_WARN_TYPECHECK_CALLS_TO_PRINTF = YES;
				GCC_WARN_UNINITIALIZED_AUTOS = YES;
				GCC_WARN_UNKNOWN_PRAGMAS = YES;
				GCC_WARN_UNUSED_FUNCTION = YES;
				GCC_WARN_UNUSED_LABEL = YES;
				GCC_WARN_UNUSED_PARAMETER = NO;
				GCC_WARN_UNUSED_VALUE = YES;
				GCC_WARN_UNUSED_VARIABLE = YES;
				HEADER_SEARCH_PATHS = "/Users/kyle/Wcalc_Development/universal-libs/include";
				LIBRARY_SEARCH_PATHS = (
					"/Users/kyle/Wcalc_Development/universal-libs/lib",
					"$(LIBRARY_SEARCH_PATHS_QUOTED_1)",
				);
				LIBRARY_SEARCH_PATHS_QUOTED_1 = "\"$(SRCROOT)\"";
				OTHER_LDFLAGS = (
					"/Users/kyle/Wcalc_Development/universal-libs/lib/libmpfr.a",
					"/Users/kyle/Wcalc_Development/universal-libs/lib/libgmp.a",
					"/Users/kyle/Wcalc_Development/universal-libs/lib/libreadline.a",
				);
				PREBINDING = YES;
				PRODUCT_NAME = wcalc;
				SECTORDER_FLAGS = "";
				WARNING_CFLAGS = (
					"-Wchar-subscripts",
					"-Wcomment",
					"-Wimplicit",
					"-Wmain",
					"-Wsequence-point",
				);
				ZERO_LINK = NO;
			};
			name = "Deployment Universal";
		};
		275D2DC00C514B850056D137 /* Deployment Universal */ = {
			isa = XCBuildConfiguration;
			buildSettings = {
				ARCHS = (
					ppc,
					i386,
				);
				COPY_PHASE_STRIP = YES;
				DEAD_CODE_STRIPPING = YES;
				DEPLOYMENT_POSTPROCESSING = YES;
				FRAMEWORK_SEARCH_PATHS = "";
				GCC_AUTO_VECTORIZATION = NO;
				GCC_CW_ASM_SYNTAX = NO;
				GCC_DEBUGGING_SYMBOLS = full;
				GCC_DYNAMIC_NO_PIC = YES;
				GCC_ENABLE_FIX_AND_CONTINUE = NO;
				GCC_ENABLE_PASCAL_STRINGS = NO;
				GCC_ENABLE_SYMBOL_SEPARATION = NO;
				GCC_FAST_OBJC_DISPATCH = YES;
				GCC_GENERATE_DEBUGGING_SYMBOLS = NO;
				GCC_MODEL_TUNING = "";
				GCC_OPTIMIZATION_LEVEL = 2;
				GCC_PRECOMPILE_PREFIX_HEADER = YES;
				GCC_PREPROCESSOR_DEFINITIONS = (
					"$(GCC_PREPROCESSOR_DEFINITIONS_QUOTED_FOR_TARGET_1)",
					GUI,
					STDC_HEADERS,
				);
				GCC_PREPROCESSOR_DEFINITIONS_QUOTED_FOR_TARGET_1 = "VERSION=\\\"${CURRENT_PROJECT_VERSION}\\\"";
				GCC_STRICT_ALIASING = YES;
				GCC_WARN_ABOUT_RETURN_TYPE = YES;
				GCC_WARN_CHECK_SWITCH_STATEMENTS = YES;
				GCC_WARN_INITIALIZER_NOT_FULLY_BRACKETED = YES;
				GCC_WARN_MISSING_PARENTHESES = YES;
				GCC_WARN_PEDANTIC = NO;
				GCC_WARN_SHADOW = YES;
				GCC_WARN_SIGN_COMPARE = YES;
				GCC_WARN_TYPECHECK_CALLS_TO_PRINTF = YES;
				GCC_WARN_UNINITIALIZED_AUTOS = YES;
				GCC_WARN_UNKNOWN_PRAGMAS = YES;
				GCC_WARN_UNUSED_FUNCTION = YES;
				GCC_WARN_UNUSED_LABEL = YES;
				GCC_WARN_UNUSED_PARAMETER = NO;
				GCC_WARN_UNUSED_VALUE = YES;
				GCC_WARN_UNUSED_VARIABLE = YES;
				HEADER_SEARCH_PATHS = (
					/Users/kyle/Wcalc_Development/Wcalc,
					"/Users/kyle/Wcalc_Development/universal-libs/include",
				);
				INFOPLIST_FILE = Info.plist;
				LIBRARY_SEARCH_PATHS = "\"$(SRCROOT)\"";
				MACOSX_DEPLOYMENT_TARGET = 10.4;
				OTHER_CFLAGS = "";
				OTHER_LDFLAGS = (
					/usr/lib/libl.a,
					"/Users/kyle/Wcalc_Development/universal-libs/lib/libmpfr.a",
					"/Users/kyle/Wcalc_Development/universal-libs/lib/libgmp.a",
				);
				PRIVATE_HEADERS_FOLDER_PATH = "$(CONTENTS_FOLDER_PATH)/PrivateHeaders";
				PRODUCT_NAME = Wcalc;
				SECTORDER_FLAGS = "";
				SEPARATE_STRIP = YES;
				STRIP_INSTALLED_PRODUCT = YES;
				WARNING_CFLAGS = (
					"-Wchar-subscripts",
					"-Wcomment",
					"-Wimplicit",
					"-Wmain",
					"-Wsequence-point",
				);
				WRAPPER_EXTENSION = app;
				ZERO_LINK = NO;
			};
			name = "Deployment Universal";
		};
		275D2DC10C514B850056D137 /* Deployment Universal */ = {
			isa = XCBuildConfiguration;
			buildSettings = {
				ARCHS = "$(ARCHS_STANDARD_32_BIT_PRE_XCODE_3_1)";
				ARCHS_STANDARD_32_BIT_PRE_XCODE_3_1 = "ppc i386";
				COPY_PHASE_STRIP = NO;
				CURRENT_PROJECT_VERSION = 2.4;
				GCC_MODEL_TUNING = "";
				GCC_OPTIMIZATION_LEVEL = 0;
				GCC_PREPROCESSOR_DEFINITIONS = "VERSION=\"${CURRENT_PROJECT_VERSION}\"";
				GCC_VERSION = "";
				HEADER_SEARCH_PATHS = "/Users/kyle/Wcalc_Development/universal-libs/include/";
				MACOSX_DEPLOYMENT_TARGET = 10.4;
				ONLY_ACTIVE_ARCH = NO;
				OTHER_LDFLAGS = (
					"/Users/kyle/Wcalc_Development/universal-libs/lib/libgmp.a",
					"/Users/kyle/Wcalc_Development/universal-libs/lib/libmpfr.a",
					"/Users/kyle/Wcalc_Development/universal-libs/lib/libreadline.a",
				);
				SCAN_ALL_SOURCE_FILES_FOR_INCLUDES = YES;
				SDKROOT = /Developer/SDKs/MacOSX10.4u.sdk;
				STANDARD_C_PLUS_PLUS_LIBRARY_TYPE = static;
				VERSIONING_SYSTEM = "apple-generic";
			};
			name = "Deployment Universal";
		};
		276C6F5D091A9B97005A5B75 /* Development */ = {
			isa = XCBuildConfiguration;
			buildSettings = {
				COPY_PHASE_STRIP = YES;
				DEAD_CODE_STRIPPING = YES;
				DEPLOYMENT_POSTPROCESSING = YES;
				GCC_CW_ASM_SYNTAX = NO;
				GCC_ENABLE_FIX_AND_CONTINUE = NO;
				GCC_ENABLE_PASCAL_STRINGS = NO;
				GCC_OPTIMIZATION_LEVEL = 2;
				GCC_PRECOMPILE_PREFIX_HEADER = YES;
				GCC_PREPROCESSOR_DEFINITIONS = (
					"$(GCC_PREPROCESSOR_DEFINITIONS_QUOTED_1)",
					GUI,
					STDC_HEADERS,
				);
				GCC_PREPROCESSOR_DEFINITIONS_QUOTED_1 = "VERSION=\\\"${CURRENT_PROJECT_VERSION}\\\"";
				GCC_WARN_ABOUT_RETURN_TYPE = YES;
				GCC_WARN_CHECK_SWITCH_STATEMENTS = YES;
				GCC_WARN_INITIALIZER_NOT_FULLY_BRACKETED = YES;
				GCC_WARN_MISSING_PARENTHESES = YES;
				GCC_WARN_TYPECHECK_CALLS_TO_PRINTF = YES;
				GCC_WARN_UNINITIALIZED_AUTOS = YES;
				GCC_WARN_UNKNOWN_PRAGMAS = YES;
				GCC_WARN_UNUSED_FUNCTION = YES;
				GCC_WARN_UNUSED_LABEL = YES;
				GCC_WARN_UNUSED_PARAMETER = NO;
				GCC_WARN_UNUSED_VALUE = YES;
				GCC_WARN_UNUSED_VARIABLE = YES;
				HEADER_SEARCH_PATHS = /opt/local/include;
				LIBRARY_SEARCH_PATHS = (
					/opt/local/lib,
					"$(LIBRARY_SEARCH_PATHS_QUOTED_1)",
				);
				LIBRARY_SEARCH_PATHS_QUOTED_1 = "\"$(SRCROOT)\"";
				OTHER_LDFLAGS = (
					/opt/local/lib/libmpfr.a,
					/opt/local/lib/libgmp.a,
					/opt/local/lib/libreadline.a,
					/opt/local/lib/libncursesw.a,
				);
				PREBINDING = YES;
				PRODUCT_NAME = wcalc;
				SECTORDER_FLAGS = "";
				WARNING_CFLAGS = (
					"-Wchar-subscripts",
					"-Wcomment",
					"-Wimplicit",
					"-Wmain",
					"-Wsequence-point",
				);
				ZERO_LINK = NO;
			};
			name = Development;
		};
		276C6F5E091A9B97005A5B75 /* Development */ = {
			isa = XCBuildConfiguration;
			buildSettings = {
				COPY_PHASE_STRIP = NO;
				DEAD_CODE_STRIPPING = NO;
				DEBUG_INFORMATION_FORMAT = dwarf;
				DEPLOYMENT_POSTPROCESSING = NO;
				FRAMEWORK_SEARCH_PATHS = "";
				GCC_AUTO_VECTORIZATION = NO;
				GCC_CW_ASM_SYNTAX = NO;
				GCC_DEBUGGING_SYMBOLS = full;
				GCC_DYNAMIC_NO_PIC = YES;
				GCC_ENABLE_FIX_AND_CONTINUE = NO;
				GCC_ENABLE_PASCAL_STRINGS = NO;
				GCC_MODEL_TUNING = G4;
				GCC_OPTIMIZATION_LEVEL = 0;
				GCC_PRECOMPILE_PREFIX_HEADER = YES;
				GCC_PREPROCESSOR_DEFINITIONS = (
					"$(GCC_PREPROCESSOR_DEFINITIONS_QUOTED_1)",
					GUI,
					STDC_HEADERS,
					EBUG,
				);
				GCC_PREPROCESSOR_DEFINITIONS_QUOTED_1 = "VERSION=\\\"${CURRENT_PROJECT_VERSION}\\\"";
				GCC_WARN_ABOUT_RETURN_TYPE = YES;
				GCC_WARN_CHECK_SWITCH_STATEMENTS = YES;
				GCC_WARN_INITIALIZER_NOT_FULLY_BRACKETED = YES;
				GCC_WARN_MISSING_PARENTHESES = YES;
				GCC_WARN_PEDANTIC = NO;
				GCC_WARN_TYPECHECK_CALLS_TO_PRINTF = YES;
				GCC_WARN_UNKNOWN_PRAGMAS = YES;
				GCC_WARN_UNUSED_FUNCTION = YES;
				GCC_WARN_UNUSED_LABEL = YES;
				GCC_WARN_UNUSED_PARAMETER = NO;
				GCC_WARN_UNUSED_VALUE = YES;
				GCC_WARN_UNUSED_VARIABLE = YES;
				INFOPLIST_FILE = Info.plist;
				LIBRARY_SEARCH_PATHS = "\"$(SRCROOT)\"";
				OTHER_CFLAGS = "";
				OTHER_LDFLAGS = (
					/Users/kyle/Wcalc_Development/Wcalc/libmpfr.a,
					/Users/kyle/Wcalc_Development/Wcalc/libgmp.a,
				);
				PRIVATE_HEADERS_FOLDER_PATH = "$(CONTENTS_FOLDER_PATH)/PrivateHeaders";
				PRODUCT_NAME = Wcalc;
				SECTORDER_FLAGS = "";
				SEPARATE_STRIP = NO;
				STRIP_INSTALLED_PRODUCT = NO;
				WARNING_CFLAGS = (
					"-Wchar-subscripts",
					"-Wcomment",
					"-Wimplicit",
					"-Wmain",
					"-Wsequence-point",
				);
				WRAPPER_EXTENSION = app;
				ZERO_LINK = NO;
			};
			name = Development;
		};
		276C6F5F091A9B97005A5B75 /* Development */ = {
			isa = XCBuildConfiguration;
			buildSettings = {
				ARCHS = "$(ONLY_ACTIVE_ARCH_PRE_XCODE_3_1)";
				COPY_PHASE_STRIP = NO;
				CURRENT_PROJECT_VERSION = 2.4;
				GCC_CW_ASM_SYNTAX = NO;
				GCC_MODEL_TUNING = "";
				GCC_OPTIMIZATION_LEVEL = 0;
				GCC_PREPROCESSOR_DEFINITIONS = "VERSION=\"${CURRENT_PROJECT_VERSION}\"";
				GCC_VERSION = "";
				HEADER_SEARCH_PATHS = (
					"/Users/kyle/Wcalc_Development/universal-libs/include/",
					/Users/kyle/Wcalc_Development/Wcalc/,
				);
				LIBRARY_SEARCH_PATHS = "/Users/kyle/Wcalc_Development/universal-libs/lib/";
				MACOSX_DEPLOYMENT_TARGET = "";
				ONLY_ACTIVE_ARCH_PRE_XCODE_3_1 = "$(NATIVE_ARCH)";
				SCAN_ALL_SOURCE_FILES_FOR_INCLUDES = YES;
				STANDARD_C_PLUS_PLUS_LIBRARY_TYPE = static;
				STRIP_INSTALLED_PRODUCT = NO;
				VERSIONING_SYSTEM = "apple-generic";
			};
			name = Development;
		};
		277E70AD0D6A0ECD001C912C /* Deployment 10.3.9 */ = {
			isa = XCBuildConfiguration;
			buildSettings = {
				COPY_PHASE_STRIP = YES;
				DEAD_CODE_STRIPPING = YES;
				DEPLOYMENT_POSTPROCESSING = YES;
				GCC_CW_ASM_SYNTAX = NO;
				GCC_ENABLE_FIX_AND_CONTINUE = NO;
				GCC_ENABLE_PASCAL_STRINGS = NO;
				GCC_OPTIMIZATION_LEVEL = 2;
				GCC_PRECOMPILE_PREFIX_HEADER = YES;
				GCC_PREPROCESSOR_DEFINITIONS = (
					"$(GCC_PREPROCESSOR_DEFINITIONS_QUOTED_1)",
					GUI,
					STDC_HEADERS,
				);
				GCC_PREPROCESSOR_DEFINITIONS_QUOTED_1 = "VERSION=\\\"${CURRENT_PROJECT_VERSION}\\\"";
				GCC_WARN_ABOUT_RETURN_TYPE = YES;
				GCC_WARN_CHECK_SWITCH_STATEMENTS = YES;
				GCC_WARN_INITIALIZER_NOT_FULLY_BRACKETED = YES;
				GCC_WARN_MISSING_PARENTHESES = YES;
				GCC_WARN_TYPECHECK_CALLS_TO_PRINTF = YES;
				GCC_WARN_UNINITIALIZED_AUTOS = YES;
				GCC_WARN_UNKNOWN_PRAGMAS = YES;
				GCC_WARN_UNUSED_FUNCTION = YES;
				GCC_WARN_UNUSED_LABEL = YES;
				GCC_WARN_UNUSED_PARAMETER = NO;
				GCC_WARN_UNUSED_VALUE = YES;
				GCC_WARN_UNUSED_VARIABLE = YES;
				HEADER_SEARCH_PATHS = /Users/kyle/Wcalc_Development/10.3.9/include;
				LIBRARY_SEARCH_PATHS = (
					/Users/kyle/Wcalc_Development/10.3.9/lib,
					"$(LIBRARY_SEARCH_PATHS_QUOTED_1)",
				);
				LIBRARY_SEARCH_PATHS_QUOTED_1 = "\"$(SRCROOT)\"";
				MACOSX_DEPLOYMENT_TARGET = 10.3;
				OTHER_LDFLAGS = (
					/Users/kyle/Wcalc_Development/10.3.9/lib/libgmp.a,
					/Users/kyle/Wcalc_Development/10.3.9/lib/libmpfr.a,
					/Users/kyle/Wcalc_Development/10.3.9/lib/libreadline.a,
				);
				PREBINDING = YES;
				PRODUCT_NAME = wcalc;
				SECTORDER_FLAGS = "";
				WARNING_CFLAGS = (
					"-Wchar-subscripts",
					"-Wcomment",
					"-Wimplicit",
					"-Wmain",
					"-Wsequence-point",
				);
				ZERO_LINK = NO;
			};
			name = "Deployment 10.3.9";
		};
		277E70AE0D6A0ECD001C912C /* Deployment 10.3.9 */ = {
			isa = XCBuildConfiguration;
			buildSettings = {
				COPY_PHASE_STRIP = YES;
				DEAD_CODE_STRIPPING = YES;
				DEPLOYMENT_POSTPROCESSING = YES;
				GCC_AUTO_VECTORIZATION = NO;
				GCC_CW_ASM_SYNTAX = NO;
				GCC_DEBUGGING_SYMBOLS = full;
				GCC_DYNAMIC_NO_PIC = YES;
				GCC_ENABLE_FIX_AND_CONTINUE = NO;
				GCC_ENABLE_PASCAL_STRINGS = NO;
				GCC_ENABLE_SYMBOL_SEPARATION = NO;
				GCC_FAST_OBJC_DISPATCH = NO;
				GCC_GENERATE_DEBUGGING_SYMBOLS = NO;
				GCC_MODEL_TUNING = "";
				GCC_OPTIMIZATION_LEVEL = 2;
				GCC_PRECOMPILE_PREFIX_HEADER = YES;
				GCC_PREPROCESSOR_DEFINITIONS = (
					"$(GCC_PREPROCESSOR_DEFINITIONS_QUOTED_1)",
					GUI,
					STDC_HEADERS,
				);
				GCC_PREPROCESSOR_DEFINITIONS_QUOTED_1 = "VERSION=\\\"${CURRENT_PROJECT_VERSION}\\\"";
				GCC_STRICT_ALIASING = YES;
				GCC_WARN_ABOUT_RETURN_TYPE = YES;
				GCC_WARN_CHECK_SWITCH_STATEMENTS = YES;
				GCC_WARN_INITIALIZER_NOT_FULLY_BRACKETED = YES;
				GCC_WARN_MISSING_PARENTHESES = YES;
				GCC_WARN_PEDANTIC = NO;
				GCC_WARN_SHADOW = YES;
				GCC_WARN_SIGN_COMPARE = YES;
				GCC_WARN_TYPECHECK_CALLS_TO_PRINTF = YES;
				GCC_WARN_UNINITIALIZED_AUTOS = YES;
				GCC_WARN_UNKNOWN_PRAGMAS = YES;
				GCC_WARN_UNUSED_FUNCTION = YES;
				GCC_WARN_UNUSED_LABEL = YES;
				GCC_WARN_UNUSED_PARAMETER = NO;
				GCC_WARN_UNUSED_VALUE = YES;
				GCC_WARN_UNUSED_VARIABLE = YES;
				HEADER_SEARCH_PATHS = (
					/Users/kyle/Wcalc_Development/Wcalc,
					/Users/kyle/Wcalc_Development/10.3.9/include,
				);
				INFOPLIST_FILE = Info.plist;
				LIBRARY_SEARCH_PATHS = "\"$(SRCROOT)\"";
				MACOSX_DEPLOYMENT_TARGET = 10.3;
				OTHER_CFLAGS = "";
				OTHER_LDFLAGS = (
					/Developer/SDKs/MacOSX10.3.9.sdk/usr/lib/libl.a,
					/Users/kyle/Wcalc_Development/10.3.9/lib/libmpfr.a,
					/Users/kyle/Wcalc_Development/10.3.9/lib/libgmp.a,
				);
				PRIVATE_HEADERS_FOLDER_PATH = "$(CONTENTS_FOLDER_PATH)/PrivateHeaders";
				PRODUCT_NAME = Wcalc;
				SDKROOT = /Developer/SDKs/MacOSX10.3.9.sdk;
				SECTORDER_FLAGS = "";
				SEPARATE_STRIP = YES;
				STRIP_INSTALLED_PRODUCT = YES;
				WARNING_CFLAGS = (
					"-Wchar-subscripts",
					"-Wcomment",
					"-Wimplicit",
					"-Wmain",
					"-Wsequence-point",
				);
				WRAPPER_EXTENSION = app;
				ZERO_LINK = NO;
			};
			name = "Deployment 10.3.9";
		};
		277E70AF0D6A0ECD001C912C /* Deployment 10.3.9 */ = {
			isa = XCBuildConfiguration;
			buildSettings = {
				ARCHS = ppc;
				COPY_PHASE_STRIP = NO;
				CURRENT_PROJECT_VERSION = 2.4;
				GCC_MODEL_TUNING = "";
				GCC_OPTIMIZATION_LEVEL = 0;
				GCC_PREPROCESSOR_DEFINITIONS = "VERSION=\"${CURRENT_PROJECT_VERSION}\"";
				GCC_VERSION = "";
				MACOSX_DEPLOYMENT_TARGET = 10.3;
				ONLY_ACTIVE_ARCH = YES;
				SCAN_ALL_SOURCE_FILES_FOR_INCLUDES = YES;
				SDKROOT = /Developer/SDKs/MacOSX10.3.9.sdk;
				STANDARD_C_PLUS_PLUS_LIBRARY_TYPE = static;
				VERSIONING_SYSTEM = "apple-generic";
			};
			name = "Deployment 10.3.9";
		};
/* End XCBuildConfiguration section */

/* Begin XCConfigurationList section */
		2773DD4B09180D4300DBDA9D /* Build configuration list for PBXNativeTarget "wcalc" */ = {
			isa = XCConfigurationList;
			buildConfigurations = (
				276C6F5D091A9B97005A5B75 /* Development */,
				275D2DBF0C514B850056D137 /* Deployment Universal */,
				277E70AD0D6A0ECD001C912C /* Deployment 10.3.9 */,
			);
			defaultConfigurationIsVisible = 0;
			defaultConfigurationName = "Deployment Universal";
		};
		27B38FA00859DCBE00C2FE3C /* Build configuration list for PBXNativeTarget "Wcalc.app" */ = {
			isa = XCConfigurationList;
			buildConfigurations = (
				276C6F5E091A9B97005A5B75 /* Development */,
				275D2DC00C514B850056D137 /* Deployment Universal */,
				277E70AE0D6A0ECD001C912C /* Deployment 10.3.9 */,
			);
			defaultConfigurationIsVisible = 0;
			defaultConfigurationName = "Deployment Universal";
		};
		27B38FA40859DCBE00C2FE3C /* Build configuration list for PBXProject "Wcalc" */ = {
			isa = XCConfigurationList;
			buildConfigurations = (
				276C6F5F091A9B97005A5B75 /* Development */,
				275D2DC10C514B850056D137 /* Deployment Universal */,
				277E70AF0D6A0ECD001C912C /* Deployment 10.3.9 */,
			);
			defaultConfigurationIsVisible = 0;
			defaultConfigurationName = "Deployment Universal";
		};
/* End XCConfigurationList section */
	};
	rootObject = 29B97313FDCFA39411CA2CEA /* Project object */;
}
